// !$*UTF8*$!
{
	archiveVersion = 1;
	classes = {
	};
	objectVersion = 56;
	objects = {

/* Begin PBXBuildFile section */
		0AD8766B6AA55305596B269C /* Pods_KickOff.framework in Frameworks */ = {isa = PBXBuildFile; fileRef = 3FC9A0B83BFCC45153C9895C /* Pods_KickOff.framework */; };
		9D4708542DF090AF0006587D /* OnBoardingViewController.swift in Sources */ = {isa = PBXBuildFile; fileRef = 9D47084D2DF090AF0006587D /* OnBoardingViewController.swift */; };
		9D4708552DF090AF0006587D /* ContainerViewController.swift in Sources */ = {isa = PBXBuildFile; fileRef = 9D47084E2DF090AF0006587D /* ContainerViewController.swift */; };
		9D4708562DF090AF0006587D /* onBoarding.xcstrings in Resources */ = {isa = PBXBuildFile; fileRef = 9D4708502DF090AF0006587D /* onBoarding.xcstrings */; };
		9D4708572DF090AF0006587D /* onBoarding.storyboard in Resources */ = {isa = PBXBuildFile; fileRef = 9D4708522DF090AF0006587D /* onBoarding.storyboard */; };
		9D4708622DF091AA0006587D /* FormatUtils.swift in Sources */ = {isa = PBXBuildFile; fileRef = 9D4708592DF091AA0006587D /* FormatUtils.swift */; };
		9D4708632DF091AA0006587D /* NetworkManager.swift in Sources */ = {isa = PBXBuildFile; fileRef = 9D47085A2DF091AA0006587D /* NetworkManager.swift */; };
		9D4708642DF091AA0006587D /* DateUtils.swift in Sources */ = {isa = PBXBuildFile; fileRef = 9D47085B2DF091AA0006587D /* DateUtils.swift */; };
		9D4708652DF091AA0006587D /* LangManager.swift in Sources */ = {isa = PBXBuildFile; fileRef = 9D47085C2DF091AA0006587D /* LangManager.swift */; };
		9D4708662DF091AA0006587D /* SectionHeaderView.swift in Sources */ = {isa = PBXBuildFile; fileRef = 9D47085E2DF091AA0006587D /* SectionHeaderView.swift */; };
		9D4708672DF091AA0006587D /* LoadingIndicatorUtil.swift in Sources */ = {isa = PBXBuildFile; fileRef = 9D47085F2DF091AA0006587D /* LoadingIndicatorUtil.swift */; };
		9D4708682DF091AA0006587D /* AlertManager.swift in Sources */ = {isa = PBXBuildFile; fileRef = 9D4708602DF091AA0006587D /* AlertManager.swift */; };
		9D4708692DF091AA0006587D /* EmptySectionView.swift in Sources */ = {isa = PBXBuildFile; fileRef = 9D4708612DF091AA0006587D /* EmptySectionView.swift */; };
		9D47086C2DF0927D0006587D /* Localizable.strings in Resources */ = {isa = PBXBuildFile; fileRef = 9D47086A2DF0927D0006587D /* Localizable.strings */; };
		9D7D3DF52DE87032000AC249 /* AppDelegate.swift in Sources */ = {isa = PBXBuildFile; fileRef = 9D7D3DF42DE87032000AC249 /* AppDelegate.swift */; };
		9D7D3DF72DE87032000AC249 /* SceneDelegate.swift in Sources */ = {isa = PBXBuildFile; fileRef = 9D7D3DF62DE87032000AC249 /* SceneDelegate.swift */; };
		9D7D3DF92DE87032000AC249 /* ViewController.swift in Sources */ = {isa = PBXBuildFile; fileRef = 9D7D3DF82DE87032000AC249 /* ViewController.swift */; };
		9D7D3DFC2DE87032000AC249 /* Main.storyboard in Resources */ = {isa = PBXBuildFile; fileRef = 9D7D3DFA2DE87032000AC249 /* Main.storyboard */; };
		9D7D3E012DE8703F000AC249 /* Assets.xcassets in Resources */ = {isa = PBXBuildFile; fileRef = 9D7D3E002DE8703F000AC249 /* Assets.xcassets */; };
		9D7D3E042DE8703F000AC249 /* LaunchScreen.storyboard in Resources */ = {isa = PBXBuildFile; fileRef = 9D7D3E022DE8703F000AC249 /* LaunchScreen.storyboard */; };
		9D7D3E0F2DE87040000AC249 /* RemoteDataSourceTests.swift in Sources */ = {isa = PBXBuildFile; fileRef = 9D7D3E0E2DE87040000AC249 /* RemoteDataSourceTests.swift */; };
		9D7D3E192DE87040000AC249 /* KickOffUITests.swift in Sources */ = {isa = PBXBuildFile; fileRef = 9D7D3E182DE87040000AC249 /* KickOffUITests.swift */; };
		9D7D3E1B2DE87040000AC249 /* KickOffUITestsLaunchTests.swift in Sources */ = {isa = PBXBuildFile; fileRef = 9D7D3E1A2DE87040000AC249 /* KickOffUITestsLaunchTests.swift */; };
		9D85D3D02DEDB370003C5940 /* KickOffCoreData.xcdatamodeld in Sources */ = {isa = PBXBuildFile; fileRef = 9D85D3CE2DEDB370003C5940 /* KickOffCoreData.xcdatamodeld */; };
		9D85D3D22DEDB460003C5940 /* LocalLeague.swift in Sources */ = {isa = PBXBuildFile; fileRef = 9D85D3D12DEDB460003C5940 /* LocalLeague.swift */; };
		9D85D3D42DEDC91A003C5940 /* FavViewController.swift in Sources */ = {isa = PBXBuildFile; fileRef = 9D85D3D32DEDC91A003C5940 /* FavViewController.swift */; };
		9D85D3D92DEDE16C003C5940 /* FavPresenter.swift in Sources */ = {isa = PBXBuildFile; fileRef = 9D85D3D82DEDE16C003C5940 /* FavPresenter.swift */; };
		9DD4C3822DE8AD640061BB3E /* TestViewController.swift in Sources */ = {isa = PBXBuildFile; fileRef = 9DD4C3812DE8AD640061BB3E /* TestViewController.swift */; };
		9DD7DA9C2DE9CC7A001C7900 /* HomeCollectionViewCell.swift in Sources */ = {isa = PBXBuildFile; fileRef = 9DD7DA9A2DE9CC7A001C7900 /* HomeCollectionViewCell.swift */; };
		9DD7DA9D2DE9CC7A001C7900 /* HomeCollectionViewCell.xib in Resources */ = {isa = PBXBuildFile; fileRef = 9DD7DA9B2DE9CC7A001C7900 /* HomeCollectionViewCell.xib */; };
		9DD7DAA02DE9E9E4001C7900 /* Leagues.storyboard in Resources */ = {isa = PBXBuildFile; fileRef = 9DD7DA9F2DE9E9E4001C7900 /* Leagues.storyboard */; };
		9DD7DAA22DE9EB11001C7900 /* LeaguesViewController.swift in Sources */ = {isa = PBXBuildFile; fileRef = 9DD7DAA12DE9EB11001C7900 /* LeaguesViewController.swift */; };
		9DD7DAA62DE9ECCC001C7900 /* LeaguesTableViewCell.swift in Sources */ = {isa = PBXBuildFile; fileRef = 9DD7DAA42DE9ECCC001C7900 /* LeaguesTableViewCell.swift */; };
		9DD7DAA72DE9ECCC001C7900 /* LeaguesTableViewCell.xib in Resources */ = {isa = PBXBuildFile; fileRef = 9DD7DAA52DE9ECCC001C7900 /* LeaguesTableViewCell.xib */; };
		9DD7DAA92DEA09A1001C7900 /* LeaguesPresenter.swift in Sources */ = {isa = PBXBuildFile; fileRef = 9DD7DAA82DEA09A1001C7900 /* LeaguesPresenter.swift */; };
		BB04FBCD2DECF9DE00D171C1 /* CricketDetails.storyboard in Resources */ = {isa = PBXBuildFile; fileRef = BB04FBCC2DECF9DE00D171C1 /* CricketDetails.storyboard */; };
		BB04FBD02DECFA3800D171C1 /* CircketLeagueViewController.swift in Sources */ = {isa = PBXBuildFile; fileRef = BB04FBCF2DECFA3800D171C1 /* CircketLeagueViewController.swift */; };
		BB04FBD32DED099500D171C1 /* CricketLeaguePresenter.swift in Sources */ = {isa = PBXBuildFile; fileRef = BB04FBD22DED099500D171C1 /* CricketLeaguePresenter.swift */; };
		BB6D2DA12DEC1A5D00BB282E /* TennisLeagueViewController.swift in Sources */ = {isa = PBXBuildFile; fileRef = BB6D2DA02DEC1A5D00BB282E /* TennisLeagueViewController.swift */; };
		BB6D2DA52DEC1AEC00BB282E /* TennisDetails.storyboard in Resources */ = {isa = PBXBuildFile; fileRef = BB6D2DA42DEC1AEC00BB282E /* TennisDetails.storyboard */; };
		BB6D2DA82DEC1F1100BB282E /* TennisMatchResponse.swift in Sources */ = {isa = PBXBuildFile; fileRef = BB6D2DA72DEC1F1100BB282E /* TennisMatchResponse.swift */; };
		BB6D2DAD2DEC218C00BB282E /* TennisDetailsPresenter.swift in Sources */ = {isa = PBXBuildFile; fileRef = BB6D2DAC2DEC218C00BB282E /* TennisDetailsPresenter.swift */; };
		BB6D2DB02DEC2BD900BB282E /* TennisPlayerResponse.swift in Sources */ = {isa = PBXBuildFile; fileRef = BB6D2DAF2DEC2BD900BB282E /* TennisPlayerResponse.swift */; };
		BB6D2DF82DEC57BE00BB282E /* TennisGameCell.swift in Sources */ = {isa = PBXBuildFile; fileRef = BB6D2DF62DEC57BE00BB282E /* TennisGameCell.swift */; };
		BB6D2DF92DEC57BE00BB282E /* TennisGameCell.xib in Resources */ = {isa = PBXBuildFile; fileRef = BB6D2DF72DEC57BE00BB282E /* TennisGameCell.xib */; };
		BB6D2E462DECA3AA00BB282E /* TeamDetailsPresenter.swift in Sources */ = {isa = PBXBuildFile; fileRef = BB6D2E3E2DECA3AA00BB282E /* TeamDetailsPresenter.swift */; };
		BB6D2E472DECA3AA00BB282E /* TeamDetailsViewController.swift in Sources */ = {isa = PBXBuildFile; fileRef = BB6D2E402DECA3AA00BB282E /* TeamDetailsViewController.swift */; };
		BB6D2E482DECA3AA00BB282E /* TeamDetails.storyboard in Resources */ = {isa = PBXBuildFile; fileRef = BB6D2E412DECA3AA00BB282E /* TeamDetails.storyboard */; };
		BB6D2E492DECA3AA00BB282E /* PlayerDetailsCell.xib in Resources */ = {isa = PBXBuildFile; fileRef = BB6D2E422DECA3AA00BB282E /* PlayerDetailsCell.xib */; };
		BB6D2E4A2DECA3AA00BB282E /* PlayerDetailsCell.swift in Sources */ = {isa = PBXBuildFile; fileRef = BB6D2E432DECA3AA00BB282E /* PlayerDetailsCell.swift */; };
		BBA8E2EA2DEAD67E00B4CD45 /* LeaugeDetailsPresenter.swift in Sources */ = {isa = PBXBuildFile; fileRef = BBA8E2E92DEAD67E00B4CD45 /* LeaugeDetailsPresenter.swift */; };
		BBA8E2F02DEAD90E00B4CD45 /* Match.swift in Sources */ = {isa = PBXBuildFile; fileRef = BBA8E2EF2DEAD90E00B4CD45 /* Match.swift */; };
		BBA8E3032DEB16F600B4CD45 /* TeamsResponse.swift in Sources */ = {isa = PBXBuildFile; fileRef = BBA8E3022DEB16F600B4CD45 /* TeamsResponse.swift */; };
		BBA8E3052DEB171400B4CD45 /* Team.swift in Sources */ = {isa = PBXBuildFile; fileRef = BBA8E3042DEB171400B4CD45 /* Team.swift */; };
		BBBAE32C2DEF964A00A9D68C /* favlottie.json in Resources */ = {isa = PBXBuildFile; fileRef = BBBAE32B2DEF964900A9D68C /* favlottie.json */; };
		BBBF5CA32DEA4E7B00E60FFC /* LastMatchCell.swift in Sources */ = {isa = PBXBuildFile; fileRef = BBBF5CA12DEA4E7B00E60FFC /* LastMatchCell.swift */; };
		BBBF5CA42DEA4E7B00E60FFC /* LastMatchCell.xib in Resources */ = {isa = PBXBuildFile; fileRef = BBBF5CA22DEA4E7B00E60FFC /* LastMatchCell.xib */; };
		BBBF5CA72DEA4EA100E60FFC /* UpcomingMatchCell.swift in Sources */ = {isa = PBXBuildFile; fileRef = BBBF5CA52DEA4EA100E60FFC /* UpcomingMatchCell.swift */; };
		BBBF5CA82DEA4EA100E60FFC /* UpcomingMatchCell.xib in Resources */ = {isa = PBXBuildFile; fileRef = BBBF5CA62DEA4EA100E60FFC /* UpcomingMatchCell.xib */; };
		BBBF5CAB2DEA4ED600E60FFC /* TeamCell.swift in Sources */ = {isa = PBXBuildFile; fileRef = BBBF5CA92DEA4ED600E60FFC /* TeamCell.swift */; };
		BBBF5CAC2DEA4ED600E60FFC /* TeamCell.xib in Resources */ = {isa = PBXBuildFile; fileRef = BBBF5CAA2DEA4ED600E60FFC /* TeamCell.xib */; };
		BBC005D62DE996A100DE1FF3 /* RemoteDataSource.swift in Sources */ = {isa = PBXBuildFile; fileRef = BBC005D52DE996A100DE1FF3 /* RemoteDataSource.swift */; };
		BBC005D92DE997D400DE1FF3 /* SportType.swift in Sources */ = {isa = PBXBuildFile; fileRef = BBC005D82DE997D400DE1FF3 /* SportType.swift */; };
		BBC005DC2DE999EA00DE1FF3 /* LeagueResponse.swift in Sources */ = {isa = PBXBuildFile; fileRef = BBC005DB2DE999EA00DE1FF3 /* LeagueResponse.swift */; };
		BBC005DE2DE99A1500DE1FF3 /* League.swift in Sources */ = {isa = PBXBuildFile; fileRef = BBC005DD2DE99A1500DE1FF3 /* League.swift */; };
		BBC005E02DE9B44000DE1FF3 /* Endpoint.swift in Sources */ = {isa = PBXBuildFile; fileRef = BBC005DF2DE9B44000DE1FF3 /* Endpoint.swift */; };
		BBC005E42DE9B72100DE1FF3 /* LocalDataSource.swift in Sources */ = {isa = PBXBuildFile; fileRef = BBC005E32DE9B72100DE1FF3 /* LocalDataSource.swift */; };
		BBC005E72DE9BA7600DE1FF3 /* HomeCollectionViewController.swift in Sources */ = {isa = PBXBuildFile; fileRef = BBC005E62DE9BA7600DE1FF3 /* HomeCollectionViewController.swift */; };
		BBC005EA2DE9CB6E00DE1FF3 /* LeagueDetails.storyboard in Resources */ = {isa = PBXBuildFile; fileRef = BBC005E92DE9CB6E00DE1FF3 /* LeagueDetails.storyboard */; };
		BBC005ED2DE9CBBD00DE1FF3 /* LeagueDetailsViewController.swift in Sources */ = {isa = PBXBuildFile; fileRef = BBC005EC2DE9CBBD00DE1FF3 /* LeagueDetailsViewController.swift */; };
		BBC005F22DE9E1A600DE1FF3 /* MatchesResponse.swift in Sources */ = {isa = PBXBuildFile; fileRef = BBC005F12DE9E1A600DE1FF3 /* MatchesResponse.swift */; };
		BBC2D2E22DE8B8EB002278F1 /* splash.json in Resources */ = {isa = PBXBuildFile; fileRef = BBC2D2E12DE8B8EA002278F1 /* splash.json */; };
		BBC2D2F82DE8D8C4002278F1 /* Home.storyboard in Resources */ = {isa = PBXBuildFile; fileRef = BBC2D2F62DE8D8C4002278F1 /* Home.storyboard */; };
		BBF55F0D2DEDD8B3001996E5 /* CricketGameCell.swift in Sources */ = {isa = PBXBuildFile; fileRef = BBF55F0B2DEDD8B3001996E5 /* CricketGameCell.swift */; };
		BBF55F0E2DEDD8B3001996E5 /* CricketGameCell.xib in Resources */ = {isa = PBXBuildFile; fileRef = BBF55F0C2DEDD8B3001996E5 /* CricketGameCell.xib */; };
/* End PBXBuildFile section */

/* Begin PBXContainerItemProxy section */
		9D7D3E0B2DE8703F000AC249 /* PBXContainerItemProxy */ = {
			isa = PBXContainerItemProxy;
			containerPortal = 9D7D3DE92DE87032000AC249 /* Project object */;
			proxyType = 1;
			remoteGlobalIDString = 9D7D3DF02DE87032000AC249;
			remoteInfo = KickOff;
		};
		9D7D3E152DE87040000AC249 /* PBXContainerItemProxy */ = {
			isa = PBXContainerItemProxy;
			containerPortal = 9D7D3DE92DE87032000AC249 /* Project object */;
			proxyType = 1;
			remoteGlobalIDString = 9D7D3DF02DE87032000AC249;
			remoteInfo = KickOff;
		};
/* End PBXContainerItemProxy section */

/* Begin PBXFileReference section */
		1CF4605133D34CD14D96C747 /* Pods-KickOff.debug.xcconfig */ = {isa = PBXFileReference; includeInIndex = 1; lastKnownFileType = text.xcconfig; name = "Pods-KickOff.debug.xcconfig"; path = "Target Support Files/Pods-KickOff/Pods-KickOff.debug.xcconfig"; sourceTree = "<group>"; };
		2A52182C4922D88A9B9989AB /* Pods-KickOff.release.xcconfig */ = {isa = PBXFileReference; includeInIndex = 1; lastKnownFileType = text.xcconfig; name = "Pods-KickOff.release.xcconfig"; path = "Target Support Files/Pods-KickOff/Pods-KickOff.release.xcconfig"; sourceTree = "<group>"; };
		3FC9A0B83BFCC45153C9895C /* Pods_KickOff.framework */ = {isa = PBXFileReference; explicitFileType = wrapper.framework; includeInIndex = 0; path = Pods_KickOff.framework; sourceTree = BUILT_PRODUCTS_DIR; };
		9D47084D2DF090AF0006587D /* OnBoardingViewController.swift */ = {isa = PBXFileReference; fileEncoding = 4; lastKnownFileType = sourcecode.swift; path = OnBoardingViewController.swift; sourceTree = "<group>"; };
		9D47084E2DF090AF0006587D /* ContainerViewController.swift */ = {isa = PBXFileReference; fileEncoding = 4; lastKnownFileType = sourcecode.swift; path = ContainerViewController.swift; sourceTree = "<group>"; };
		9D4708512DF090AF0006587D /* mul */ = {isa = PBXFileReference; lastKnownFileType = text; name = mul; path = mul.lproj/onBoarding.xcstrings; sourceTree = "<group>"; };
		9D4708532DF090AF0006587D /* Base */ = {isa = PBXFileReference; lastKnownFileType = file.storyboard; name = Base; path = Base.lproj/onBoarding.storyboard; sourceTree = "<group>"; };
		9D4708592DF091AA0006587D /* FormatUtils.swift */ = {isa = PBXFileReference; fileEncoding = 4; lastKnownFileType = sourcecode.swift; path = FormatUtils.swift; sourceTree = "<group>"; };
		9D47085A2DF091AA0006587D /* NetworkManager.swift */ = {isa = PBXFileReference; fileEncoding = 4; lastKnownFileType = sourcecode.swift; path = NetworkManager.swift; sourceTree = "<group>"; };
		9D47085B2DF091AA0006587D /* DateUtils.swift */ = {isa = PBXFileReference; fileEncoding = 4; lastKnownFileType = sourcecode.swift; path = DateUtils.swift; sourceTree = "<group>"; };
		9D47085C2DF091AA0006587D /* LangManager.swift */ = {isa = PBXFileReference; fileEncoding = 4; lastKnownFileType = sourcecode.swift; path = LangManager.swift; sourceTree = "<group>"; };
		9D47085E2DF091AA0006587D /* SectionHeaderView.swift */ = {isa = PBXFileReference; fileEncoding = 4; lastKnownFileType = sourcecode.swift; path = SectionHeaderView.swift; sourceTree = "<group>"; };
		9D47085F2DF091AA0006587D /* LoadingIndicatorUtil.swift */ = {isa = PBXFileReference; fileEncoding = 4; lastKnownFileType = sourcecode.swift; path = LoadingIndicatorUtil.swift; sourceTree = "<group>"; };
		9D4708602DF091AA0006587D /* AlertManager.swift */ = {isa = PBXFileReference; fileEncoding = 4; lastKnownFileType = sourcecode.swift; path = AlertManager.swift; sourceTree = "<group>"; };
		9D4708612DF091AA0006587D /* EmptySectionView.swift */ = {isa = PBXFileReference; fileEncoding = 4; lastKnownFileType = sourcecode.swift; path = EmptySectionView.swift; sourceTree = "<group>"; };
		9D47086B2DF0927D0006587D /* en */ = {isa = PBXFileReference; lastKnownFileType = text.plist.strings; name = en; path = en.lproj/Localizable.strings; sourceTree = "<group>"; };
		9D47086D2DF093210006587D /* ar */ = {isa = PBXFileReference; lastKnownFileType = text.plist.strings; name = ar; path = ar.lproj/Main.strings; sourceTree = "<group>"; };
		9D47086E2DF093240006587D /* ar */ = {isa = PBXFileReference; lastKnownFileType = text.plist.strings; name = ar; path = ar.lproj/LaunchScreen.strings; sourceTree = "<group>"; };
		9D47086F2DF093430006587D /* ar */ = {isa = PBXFileReference; lastKnownFileType = text.plist.strings; name = ar; path = ar.lproj/onBoarding.strings; sourceTree = "<group>"; };
		9D4708702DF0935C0006587D /* es */ = {isa = PBXFileReference; lastKnownFileType = text.plist.strings; name = es; path = es.lproj/Main.strings; sourceTree = "<group>"; };
		9D4708712DF0935C0006587D /* es */ = {isa = PBXFileReference; lastKnownFileType = text.plist.strings; name = es; path = es.lproj/LaunchScreen.strings; sourceTree = "<group>"; };
		9D4708722DF093620006587D /* es */ = {isa = PBXFileReference; lastKnownFileType = text.plist.strings; name = es; path = es.lproj/onBoarding.strings; sourceTree = "<group>"; };
		9D4708732DF093790006587D /* ar */ = {isa = PBXFileReference; lastKnownFileType = text.plist.strings; name = ar; path = ar.lproj/Localizable.strings; sourceTree = "<group>"; };
		9D4708742DF093840006587D /* es */ = {isa = PBXFileReference; lastKnownFileType = text.plist.strings; name = es; path = es.lproj/Localizable.strings; sourceTree = "<group>"; };
		9D5A896E2DEBEA55009F891A /* TeamDetailsPresenter.swift */ = {isa = PBXFileReference; lastKnownFileType = sourcecode.swift; path = TeamDetailsPresenter.swift; sourceTree = "<group>"; };
		9D7D3DF12DE87032000AC249 /* KickOff.app */ = {isa = PBXFileReference; explicitFileType = wrapper.application; includeInIndex = 0; path = KickOff.app; sourceTree = BUILT_PRODUCTS_DIR; };
		9D7D3DF42DE87032000AC249 /* AppDelegate.swift */ = {isa = PBXFileReference; lastKnownFileType = sourcecode.swift; path = AppDelegate.swift; sourceTree = "<group>"; };
		9D7D3DF62DE87032000AC249 /* SceneDelegate.swift */ = {isa = PBXFileReference; lastKnownFileType = sourcecode.swift; path = SceneDelegate.swift; sourceTree = "<group>"; };
		9D7D3DF82DE87032000AC249 /* ViewController.swift */ = {isa = PBXFileReference; lastKnownFileType = sourcecode.swift; path = ViewController.swift; sourceTree = "<group>"; };
		9D7D3DFB2DE87032000AC249 /* Base */ = {isa = PBXFileReference; lastKnownFileType = file.storyboard; name = Base; path = Base.lproj/Main.storyboard; sourceTree = "<group>"; };
		9D7D3E002DE8703F000AC249 /* Assets.xcassets */ = {isa = PBXFileReference; lastKnownFileType = folder.assetcatalog; path = Assets.xcassets; sourceTree = "<group>"; };
		9D7D3E032DE8703F000AC249 /* Base */ = {isa = PBXFileReference; lastKnownFileType = file.storyboard; name = Base; path = Base.lproj/LaunchScreen.storyboard; sourceTree = "<group>"; };
		9D7D3E052DE8703F000AC249 /* Info.plist */ = {isa = PBXFileReference; lastKnownFileType = text.plist.xml; path = Info.plist; sourceTree = "<group>"; };
		9D7D3E0A2DE8703F000AC249 /* KickOffTests.xctest */ = {isa = PBXFileReference; explicitFileType = wrapper.cfbundle; includeInIndex = 0; path = KickOffTests.xctest; sourceTree = BUILT_PRODUCTS_DIR; };
		9D7D3E0E2DE87040000AC249 /* RemoteDataSourceTests.swift */ = {isa = PBXFileReference; lastKnownFileType = sourcecode.swift; path = RemoteDataSourceTests.swift; sourceTree = "<group>"; };
		9D7D3E142DE87040000AC249 /* KickOffUITests.xctest */ = {isa = PBXFileReference; explicitFileType = wrapper.cfbundle; includeInIndex = 0; path = KickOffUITests.xctest; sourceTree = BUILT_PRODUCTS_DIR; };
		9D7D3E182DE87040000AC249 /* KickOffUITests.swift */ = {isa = PBXFileReference; lastKnownFileType = sourcecode.swift; path = KickOffUITests.swift; sourceTree = "<group>"; };
		9D7D3E1A2DE87040000AC249 /* KickOffUITestsLaunchTests.swift */ = {isa = PBXFileReference; lastKnownFileType = sourcecode.swift; path = KickOffUITestsLaunchTests.swift; sourceTree = "<group>"; };
		9D85D3CF2DEDB370003C5940 /* KickOffCoreData.xcdatamodel */ = {isa = PBXFileReference; lastKnownFileType = wrapper.xcdatamodel; path = KickOffCoreData.xcdatamodel; sourceTree = "<group>"; };
		9D85D3D12DEDB460003C5940 /* LocalLeague.swift */ = {isa = PBXFileReference; lastKnownFileType = sourcecode.swift; path = LocalLeague.swift; sourceTree = "<group>"; };
		9D85D3D32DEDC91A003C5940 /* FavViewController.swift */ = {isa = PBXFileReference; lastKnownFileType = sourcecode.swift; path = FavViewController.swift; sourceTree = "<group>"; };
		9D85D3D82DEDE16C003C5940 /* FavPresenter.swift */ = {isa = PBXFileReference; lastKnownFileType = sourcecode.swift; path = FavPresenter.swift; sourceTree = "<group>"; };
		9DD4C3812DE8AD640061BB3E /* TestViewController.swift */ = {isa = PBXFileReference; lastKnownFileType = sourcecode.swift; path = TestViewController.swift; sourceTree = "<group>"; };
		9DD7DA9A2DE9CC7A001C7900 /* HomeCollectionViewCell.swift */ = {isa = PBXFileReference; lastKnownFileType = sourcecode.swift; path = HomeCollectionViewCell.swift; sourceTree = "<group>"; };
		9DD7DA9B2DE9CC7A001C7900 /* HomeCollectionViewCell.xib */ = {isa = PBXFileReference; lastKnownFileType = file.xib; path = HomeCollectionViewCell.xib; sourceTree = "<group>"; };
		9DD7DA9F2DE9E9E4001C7900 /* Leagues.storyboard */ = {isa = PBXFileReference; lastKnownFileType = file.storyboard; path = Leagues.storyboard; sourceTree = "<group>"; };
		9DD7DAA12DE9EB11001C7900 /* LeaguesViewController.swift */ = {isa = PBXFileReference; lastKnownFileType = sourcecode.swift; path = LeaguesViewController.swift; sourceTree = "<group>"; };
		9DD7DAA42DE9ECCC001C7900 /* LeaguesTableViewCell.swift */ = {isa = PBXFileReference; lastKnownFileType = sourcecode.swift; path = LeaguesTableViewCell.swift; sourceTree = "<group>"; };
		9DD7DAA52DE9ECCC001C7900 /* LeaguesTableViewCell.xib */ = {isa = PBXFileReference; lastKnownFileType = file.xib; path = LeaguesTableViewCell.xib; sourceTree = "<group>"; };
		9DD7DAA82DEA09A1001C7900 /* LeaguesPresenter.swift */ = {isa = PBXFileReference; lastKnownFileType = sourcecode.swift; path = LeaguesPresenter.swift; sourceTree = "<group>"; };
		9DD7DABD2DEBD793001C7900 /* TeamDetails.storyboard */ = {isa = PBXFileReference; lastKnownFileType = file.storyboard; path = TeamDetails.storyboard; sourceTree = "<group>"; };
		9DD7DAC62DEBD793001C7900 /* PlayerDetailsCell.swift */ = {isa = PBXFileReference; lastKnownFileType = sourcecode.swift; path = PlayerDetailsCell.swift; sourceTree = "<group>"; };
		9DD7DAC72DEBD793001C7900 /* PlayerDetailsCell.xib */ = {isa = PBXFileReference; lastKnownFileType = file.xib; path = PlayerDetailsCell.xib; sourceTree = "<group>"; };
		BB04FBCC2DECF9DE00D171C1 /* CricketDetails.storyboard */ = {isa = PBXFileReference; lastKnownFileType = file.storyboard; path = CricketDetails.storyboard; sourceTree = "<group>"; };
		BB04FBCF2DECFA3800D171C1 /* CircketLeagueViewController.swift */ = {isa = PBXFileReference; lastKnownFileType = sourcecode.swift; path = CircketLeagueViewController.swift; sourceTree = "<group>"; };
		BB04FBD22DED099500D171C1 /* CricketLeaguePresenter.swift */ = {isa = PBXFileReference; lastKnownFileType = sourcecode.swift; path = CricketLeaguePresenter.swift; sourceTree = "<group>"; };
		BB6D2DA02DEC1A5D00BB282E /* TennisLeagueViewController.swift */ = {isa = PBXFileReference; lastKnownFileType = sourcecode.swift; path = TennisLeagueViewController.swift; sourceTree = "<group>"; };
		BB6D2DA42DEC1AEC00BB282E /* TennisDetails.storyboard */ = {isa = PBXFileReference; lastKnownFileType = file.storyboard; path = TennisDetails.storyboard; sourceTree = "<group>"; };
		BB6D2DA72DEC1F1100BB282E /* TennisMatchResponse.swift */ = {isa = PBXFileReference; lastKnownFileType = sourcecode.swift; path = TennisMatchResponse.swift; sourceTree = "<group>"; };
		BB6D2DAC2DEC218C00BB282E /* TennisDetailsPresenter.swift */ = {isa = PBXFileReference; lastKnownFileType = sourcecode.swift; path = TennisDetailsPresenter.swift; sourceTree = "<group>"; };
		BB6D2DAF2DEC2BD900BB282E /* TennisPlayerResponse.swift */ = {isa = PBXFileReference; lastKnownFileType = sourcecode.swift; path = TennisPlayerResponse.swift; sourceTree = "<group>"; };
		BB6D2DF62DEC57BE00BB282E /* TennisGameCell.swift */ = {isa = PBXFileReference; lastKnownFileType = sourcecode.swift; path = TennisGameCell.swift; sourceTree = "<group>"; };
		BB6D2DF72DEC57BE00BB282E /* TennisGameCell.xib */ = {isa = PBXFileReference; lastKnownFileType = file.xib; path = TennisGameCell.xib; sourceTree = "<group>"; };
		BB6D2E3E2DECA3AA00BB282E /* TeamDetailsPresenter.swift */ = {isa = PBXFileReference; fileEncoding = 4; lastKnownFileType = sourcecode.swift; path = TeamDetailsPresenter.swift; sourceTree = "<group>"; };
		BB6D2E402DECA3AA00BB282E /* TeamDetailsViewController.swift */ = {isa = PBXFileReference; fileEncoding = 4; lastKnownFileType = sourcecode.swift; path = TeamDetailsViewController.swift; sourceTree = "<group>"; };
		BB6D2E412DECA3AA00BB282E /* TeamDetails.storyboard */ = {isa = PBXFileReference; fileEncoding = 4; lastKnownFileType = file.storyboard; path = TeamDetails.storyboard; sourceTree = "<group>"; };
		BB6D2E422DECA3AA00BB282E /* PlayerDetailsCell.xib */ = {isa = PBXFileReference; fileEncoding = 4; lastKnownFileType = file.xib; path = PlayerDetailsCell.xib; sourceTree = "<group>"; };
		BB6D2E432DECA3AA00BB282E /* PlayerDetailsCell.swift */ = {isa = PBXFileReference; fileEncoding = 4; lastKnownFileType = sourcecode.swift; path = PlayerDetailsCell.swift; sourceTree = "<group>"; };
		BBA8E2E92DEAD67E00B4CD45 /* LeaugeDetailsPresenter.swift */ = {isa = PBXFileReference; lastKnownFileType = sourcecode.swift; path = LeaugeDetailsPresenter.swift; sourceTree = "<group>"; };
		BBA8E2EF2DEAD90E00B4CD45 /* Match.swift */ = {isa = PBXFileReference; fileEncoding = 4; lastKnownFileType = sourcecode.swift; path = Match.swift; sourceTree = "<group>"; };
		BBA8E3022DEB16F600B4CD45 /* TeamsResponse.swift */ = {isa = PBXFileReference; lastKnownFileType = sourcecode.swift; path = TeamsResponse.swift; sourceTree = "<group>"; };
		BBA8E3042DEB171400B4CD45 /* Team.swift */ = {isa = PBXFileReference; lastKnownFileType = sourcecode.swift; path = Team.swift; sourceTree = "<group>"; };
		BBBAE32B2DEF964900A9D68C /* favlottie.json */ = {isa = PBXFileReference; lastKnownFileType = text.json; name = favlottie.json; path = KickOff/Resources/favlottie.json; sourceTree = "<group>"; };
		BBBF5CA12DEA4E7B00E60FFC /* LastMatchCell.swift */ = {isa = PBXFileReference; lastKnownFileType = sourcecode.swift; path = LastMatchCell.swift; sourceTree = "<group>"; };
		BBBF5CA22DEA4E7B00E60FFC /* LastMatchCell.xib */ = {isa = PBXFileReference; lastKnownFileType = file.xib; path = LastMatchCell.xib; sourceTree = "<group>"; };
		BBBF5CA52DEA4EA100E60FFC /* UpcomingMatchCell.swift */ = {isa = PBXFileReference; lastKnownFileType = sourcecode.swift; path = UpcomingMatchCell.swift; sourceTree = "<group>"; };
		BBBF5CA62DEA4EA100E60FFC /* UpcomingMatchCell.xib */ = {isa = PBXFileReference; lastKnownFileType = file.xib; path = UpcomingMatchCell.xib; sourceTree = "<group>"; };
		BBBF5CA92DEA4ED600E60FFC /* TeamCell.swift */ = {isa = PBXFileReference; lastKnownFileType = sourcecode.swift; path = TeamCell.swift; sourceTree = "<group>"; };
		BBBF5CAA2DEA4ED600E60FFC /* TeamCell.xib */ = {isa = PBXFileReference; lastKnownFileType = file.xib; path = TeamCell.xib; sourceTree = "<group>"; };
		BBC005D52DE996A100DE1FF3 /* RemoteDataSource.swift */ = {isa = PBXFileReference; lastKnownFileType = sourcecode.swift; path = RemoteDataSource.swift; sourceTree = "<group>"; };
		BBC005D82DE997D400DE1FF3 /* SportType.swift */ = {isa = PBXFileReference; lastKnownFileType = sourcecode.swift; path = SportType.swift; sourceTree = "<group>"; };
		BBC005DB2DE999EA00DE1FF3 /* LeagueResponse.swift */ = {isa = PBXFileReference; lastKnownFileType = sourcecode.swift; path = LeagueResponse.swift; sourceTree = "<group>"; };
		BBC005DD2DE99A1500DE1FF3 /* League.swift */ = {isa = PBXFileReference; lastKnownFileType = sourcecode.swift; path = League.swift; sourceTree = "<group>"; };
		BBC005DF2DE9B44000DE1FF3 /* Endpoint.swift */ = {isa = PBXFileReference; lastKnownFileType = sourcecode.swift; path = Endpoint.swift; sourceTree = "<group>"; };
		BBC005E32DE9B72100DE1FF3 /* LocalDataSource.swift */ = {isa = PBXFileReference; lastKnownFileType = sourcecode.swift; path = LocalDataSource.swift; sourceTree = "<group>"; };
		BBC005E62DE9BA7600DE1FF3 /* HomeCollectionViewController.swift */ = {isa = PBXFileReference; lastKnownFileType = sourcecode.swift; path = HomeCollectionViewController.swift; sourceTree = "<group>"; };
		BBC005E92DE9CB6E00DE1FF3 /* LeagueDetails.storyboard */ = {isa = PBXFileReference; lastKnownFileType = file.storyboard; path = LeagueDetails.storyboard; sourceTree = "<group>"; };
		BBC005EC2DE9CBBD00DE1FF3 /* LeagueDetailsViewController.swift */ = {isa = PBXFileReference; lastKnownFileType = sourcecode.swift; path = LeagueDetailsViewController.swift; sourceTree = "<group>"; };
		BBC005F12DE9E1A600DE1FF3 /* MatchesResponse.swift */ = {isa = PBXFileReference; lastKnownFileType = sourcecode.swift; path = MatchesResponse.swift; sourceTree = "<group>"; };
		BBC2D2E12DE8B8EA002278F1 /* splash.json */ = {isa = PBXFileReference; lastKnownFileType = text.json; name = splash.json; path = KickOff/Resources/splash.json; sourceTree = "<group>"; };
		BBC2D2F62DE8D8C4002278F1 /* Home.storyboard */ = {isa = PBXFileReference; fileEncoding = 4; lastKnownFileType = file.storyboard; path = Home.storyboard; sourceTree = "<group>"; };
		BBF55F0B2DEDD8B3001996E5 /* CricketGameCell.swift */ = {isa = PBXFileReference; lastKnownFileType = sourcecode.swift; path = CricketGameCell.swift; sourceTree = "<group>"; };
		BBF55F0C2DEDD8B3001996E5 /* CricketGameCell.xib */ = {isa = PBXFileReference; lastKnownFileType = file.xib; path = CricketGameCell.xib; sourceTree = "<group>"; };
/* End PBXFileReference section */

/* Begin PBXFrameworksBuildPhase section */
		9D7D3DEE2DE87032000AC249 /* Frameworks */ = {
			isa = PBXFrameworksBuildPhase;
			buildActionMask = 2147483647;
			files = (
				0AD8766B6AA55305596B269C /* Pods_KickOff.framework in Frameworks */,
			);
			runOnlyForDeploymentPostprocessing = 0;
		};
		9D7D3E072DE8703F000AC249 /* Frameworks */ = {
			isa = PBXFrameworksBuildPhase;
			buildActionMask = 2147483647;
			files = (
			);
			runOnlyForDeploymentPostprocessing = 0;
		};
		9D7D3E112DE87040000AC249 /* Frameworks */ = {
			isa = PBXFrameworksBuildPhase;
			buildActionMask = 2147483647;
			files = (
			);
			runOnlyForDeploymentPostprocessing = 0;
		};
/* End PBXFrameworksBuildPhase section */

/* Begin PBXGroup section */
		7578BFC1DC0EBCC4002C9D3F /* Pods */ = {
			isa = PBXGroup;
			children = (
				1CF4605133D34CD14D96C747 /* Pods-KickOff.debug.xcconfig */,
				2A52182C4922D88A9B9989AB /* Pods-KickOff.release.xcconfig */,
			);
			path = Pods;
			sourceTree = "<group>";
		};
		9D47084B2DF090AF0006587D /* OnBoarding */ = {
			isa = PBXGroup;
			children = (
				9D47084C2DF090AF0006587D /* Controller */,
				9D47084F2DF090AF0006587D /* View */,
			);
			path = OnBoarding;
			sourceTree = "<group>";
		};
		9D47084C2DF090AF0006587D /* Controller */ = {
			isa = PBXGroup;
			children = (
				9D47084D2DF090AF0006587D /* OnBoardingViewController.swift */,
				9D47084E2DF090AF0006587D /* ContainerViewController.swift */,
			);
			path = Controller;
			sourceTree = "<group>";
		};
		9D47084F2DF090AF0006587D /* View */ = {
			isa = PBXGroup;
			children = (
				9D4708502DF090AF0006587D /* onBoarding.xcstrings */,
				9D4708522DF090AF0006587D /* onBoarding.storyboard */,
			);
			path = View;
			sourceTree = "<group>";
		};
		9D4708582DF091AA0006587D /* Utils */ = {
			isa = PBXGroup;
			children = (
				9D4708592DF091AA0006587D /* FormatUtils.swift */,
				9D47085A2DF091AA0006587D /* NetworkManager.swift */,
				9D47085B2DF091AA0006587D /* DateUtils.swift */,
				9D47085C2DF091AA0006587D /* LangManager.swift */,
				9D47085D2DF091AA0006587D /* ViewUtils */,
			);
			path = Utils;
			sourceTree = "<group>";
		};
		9D47085D2DF091AA0006587D /* ViewUtils */ = {
			isa = PBXGroup;
			children = (
				9D47085E2DF091AA0006587D /* SectionHeaderView.swift */,
				9D47085F2DF091AA0006587D /* LoadingIndicatorUtil.swift */,
				9D4708602DF091AA0006587D /* AlertManager.swift */,
				9D4708612DF091AA0006587D /* EmptySectionView.swift */,
			);
			path = ViewUtils;
			sourceTree = "<group>";
		};
		9D7D3DE82DE87032000AC249 = {
			isa = PBXGroup;
			children = (
				9D47086A2DF0927D0006587D /* Localizable.strings */,
				BBBAE32B2DEF964900A9D68C /* favlottie.json */,
				BBC2D2E12DE8B8EA002278F1 /* splash.json */,
				9D7D3DF32DE87032000AC249 /* KickOff */,
				9D7D3E0D2DE8703F000AC249 /* KickOffTests */,
				9D7D3E172DE87040000AC249 /* KickOffUITests */,
				9D7D3DF22DE87032000AC249 /* Products */,
				7578BFC1DC0EBCC4002C9D3F /* Pods */,
				9DB35F2649016324CE3A3C01 /* Frameworks */,
				BB6D2E3B2DECA36C00BB282E /* Recovered References */,
			);
			sourceTree = "<group>";
		};
		9D7D3DF22DE87032000AC249 /* Products */ = {
			isa = PBXGroup;
			children = (
				9D7D3DF12DE87032000AC249 /* KickOff.app */,
				9D7D3E0A2DE8703F000AC249 /* KickOffTests.xctest */,
				9D7D3E142DE87040000AC249 /* KickOffUITests.xctest */,
			);
			name = Products;
			sourceTree = "<group>";
		};
		9D7D3DF32DE87032000AC249 /* KickOff */ = {
			isa = PBXGroup;
			children = (
				BBC005E12DE9B6AC00DE1FF3 /* Core */,
				BBC2D2D02DE89BFD002278F1 /* Features */,
				BBC2D2CF2DE89BEC002278F1 /* Resources */,
				BBC2D2CE2DE89BD9002278F1 /* App */,
				9D7D3E052DE8703F000AC249 /* Info.plist */,
				9D85D3CE2DEDB370003C5940 /* KickOffCoreData.xcdatamodeld */,
			);
			path = KickOff;
			sourceTree = "<group>";
		};
		9D7D3E0D2DE8703F000AC249 /* KickOffTests */ = {
			isa = PBXGroup;
			children = (
				9D7D3E0E2DE87040000AC249 /* RemoteDataSourceTests.swift */,
			);
			path = KickOffTests;
			sourceTree = "<group>";
		};
		9D7D3E172DE87040000AC249 /* KickOffUITests */ = {
			isa = PBXGroup;
			children = (
				9D7D3E182DE87040000AC249 /* KickOffUITests.swift */,
				9D7D3E1A2DE87040000AC249 /* KickOffUITestsLaunchTests.swift */,
			);
			path = KickOffUITests;
			sourceTree = "<group>";
		};
		9D85D3CD2DEDB15F003C5940 /* Model */ = {
			isa = PBXGroup;
			children = (
				9D85D3D12DEDB460003C5940 /* LocalLeague.swift */,
			);
			path = Model;
			sourceTree = "<group>";
		};
		9D85D3D72DEDE145003C5940 /* presenter */ = {
			isa = PBXGroup;
			children = (
				9D85D3D82DEDE16C003C5940 /* FavPresenter.swift */,
			);
			path = presenter;
			sourceTree = "<group>";
		};
		9DB35F2649016324CE3A3C01 /* Frameworks */ = {
			isa = PBXGroup;
			children = (
				3FC9A0B83BFCC45153C9895C /* Pods_KickOff.framework */,
			);
			name = Frameworks;
			sourceTree = "<group>";
		};
		9DD7DA9E2DE9E9A1001C7900 /* Leagues */ = {
			isa = PBXGroup;
			children = (
				BBA8E3062DEB282200B4CD45 /* Presenter */,
				9DD7DAA32DE9EB79001C7900 /* View */,
			);
			path = Leagues;
			sourceTree = "<group>";
		};
		9DD7DAA32DE9EB79001C7900 /* View */ = {
			isa = PBXGroup;
			children = (
				9DD7DA9F2DE9E9E4001C7900 /* Leagues.storyboard */,
				9DD7DAA12DE9EB11001C7900 /* LeaguesViewController.swift */,
				9DD7DAA42DE9ECCC001C7900 /* LeaguesTableViewCell.swift */,
				9DD7DAA52DE9ECCC001C7900 /* LeaguesTableViewCell.xib */,
			);
			path = View;
			sourceTree = "<group>";
		};
		BB04FBCB2DECF9A000D171C1 /* CricketLeagueDetails */ = {
			isa = PBXGroup;
			children = (
				BB04FBD12DED097800D171C1 /* Presenter */,
				BB04FBCE2DECF9F500D171C1 /* View */,
			);
			path = CricketLeagueDetails;
			sourceTree = "<group>";
		};
		BB04FBCE2DECF9F500D171C1 /* View */ = {
			isa = PBXGroup;
			children = (
				BB04FBCC2DECF9DE00D171C1 /* CricketDetails.storyboard */,
				BB04FBCF2DECFA3800D171C1 /* CircketLeagueViewController.swift */,
			);
			path = View;
			sourceTree = "<group>";
		};
		BB04FBD12DED097800D171C1 /* Presenter */ = {
			isa = PBXGroup;
			children = (
				BB04FBD22DED099500D171C1 /* CricketLeaguePresenter.swift */,
			);
			path = Presenter;
			sourceTree = "<group>";
		};
		BB6D2D9F2DEC1A1400BB282E /* TennisLeagueDetails */ = {
			isa = PBXGroup;
			children = (
				BB6D2DAB2DEC216700BB282E /* Presenter */,
				BB6D2DA62DEC1C9C00BB282E /* Model */,
				BB6D2DA22DEC1A6300BB282E /* View */,
			);
			path = TennisLeagueDetails;
			sourceTree = "<group>";
		};
		BB6D2DA22DEC1A6300BB282E /* View */ = {
			isa = PBXGroup;
			children = (
				BB6D2DA02DEC1A5D00BB282E /* TennisLeagueViewController.swift */,
				BB6D2DA42DEC1AEC00BB282E /* TennisDetails.storyboard */,
			);
			path = View;
			sourceTree = "<group>";
		};
		BB6D2DA32DEC1A8C00BB282E /* CustomCells */ = {
			isa = PBXGroup;
			children = (
				BBBF5CA12DEA4E7B00E60FFC /* LastMatchCell.swift */,
				BBBF5CA22DEA4E7B00E60FFC /* LastMatchCell.xib */,
				BBBF5CA52DEA4EA100E60FFC /* UpcomingMatchCell.swift */,
				BBBF5CA62DEA4EA100E60FFC /* UpcomingMatchCell.xib */,
				BBBF5CA92DEA4ED600E60FFC /* TeamCell.swift */,
				BBBF5CAA2DEA4ED600E60FFC /* TeamCell.xib */,
				BB6D2DF62DEC57BE00BB282E /* TennisGameCell.swift */,
				BB6D2DF72DEC57BE00BB282E /* TennisGameCell.xib */,
				BBF55F0B2DEDD8B3001996E5 /* CricketGameCell.swift */,
				BBF55F0C2DEDD8B3001996E5 /* CricketGameCell.xib */,
			);
			path = CustomCells;
			sourceTree = "<group>";
		};
		BB6D2DA62DEC1C9C00BB282E /* Model */ = {
			isa = PBXGroup;
			children = (
				BB6D2DA72DEC1F1100BB282E /* TennisMatchResponse.swift */,
				BB6D2DAF2DEC2BD900BB282E /* TennisPlayerResponse.swift */,
			);
			path = Model;
			sourceTree = "<group>";
		};
		BB6D2DAB2DEC216700BB282E /* Presenter */ = {
			isa = PBXGroup;
			children = (
				BB6D2DAC2DEC218C00BB282E /* TennisDetailsPresenter.swift */,
			);
			path = Presenter;
			sourceTree = "<group>";
		};
		BB6D2E3B2DECA36C00BB282E /* Recovered References */ = {
			isa = PBXGroup;
			children = (
				9DD7DAC62DEBD793001C7900 /* PlayerDetailsCell.swift */,
				9D5A896E2DEBEA55009F891A /* TeamDetailsPresenter.swift */,
				9DD7DABD2DEBD793001C7900 /* TeamDetails.storyboard */,
				9DD7DAC72DEBD793001C7900 /* PlayerDetailsCell.xib */,
			);
			name = "Recovered References";
			sourceTree = "<group>";
		};
		BB6D2E3C2DECA3AA00BB282E /* TeamDetails */ = {
			isa = PBXGroup;
			children = (
				BB6D2E3D2DECA3AA00BB282E /* Presenter */,
				BB6D2E3F2DECA3AA00BB282E /* View */,
			);
			path = TeamDetails;
			sourceTree = "<group>";
		};
		BB6D2E3D2DECA3AA00BB282E /* Presenter */ = {
			isa = PBXGroup;
			children = (
				BB6D2E3E2DECA3AA00BB282E /* TeamDetailsPresenter.swift */,
			);
			path = Presenter;
			sourceTree = "<group>";
		};
		BB6D2E3F2DECA3AA00BB282E /* View */ = {
			isa = PBXGroup;
			children = (
				BB6D2E402DECA3AA00BB282E /* TeamDetailsViewController.swift */,
				BB6D2E412DECA3AA00BB282E /* TeamDetails.storyboard */,
				BB6D2E422DECA3AA00BB282E /* PlayerDetailsCell.xib */,
				BB6D2E432DECA3AA00BB282E /* PlayerDetailsCell.swift */,
			);
			path = View;
			sourceTree = "<group>";
		};
		BBA8E2E82DEAD65B00B4CD45 /* Presenter */ = {
			isa = PBXGroup;
			children = (
				BBA8E2E92DEAD67E00B4CD45 /* LeaugeDetailsPresenter.swift */,
			);
			path = Presenter;
			sourceTree = "<group>";
		};
		BBA8E3062DEB282200B4CD45 /* Presenter */ = {
			isa = PBXGroup;
			children = (
				9DD7DAA82DEA09A1001C7900 /* LeaguesPresenter.swift */,
			);
			path = Presenter;
			sourceTree = "<group>";
		};
		BBC005D32DE9967300DE1FF3 /* Models */ = {
			isa = PBXGroup;
			children = (
				BBA8E3022DEB16F600B4CD45 /* TeamsResponse.swift */,
				BBA8E3042DEB171400B4CD45 /* Team.swift */,
				BBC005DB2DE999EA00DE1FF3 /* LeagueResponse.swift */,
				BBC005DD2DE99A1500DE1FF3 /* League.swift */,
			);
			path = Models;
			sourceTree = "<group>";
		};
		BBC005D42DE9967A00DE1FF3 /* Remote */ = {
			isa = PBXGroup;
			children = (
				BBC005D52DE996A100DE1FF3 /* RemoteDataSource.swift */,
			);
			path = Remote;
			sourceTree = "<group>";
		};
		BBC005D72DE997B900DE1FF3 /* Enums */ = {
			isa = PBXGroup;
			children = (
				BBC005D82DE997D400DE1FF3 /* SportType.swift */,
				BBC005DF2DE9B44000DE1FF3 /* Endpoint.swift */,
			);
			path = Enums;
			sourceTree = "<group>";
		};
		BBC005E12DE9B6AC00DE1FF3 /* Core */ = {
			isa = PBXGroup;
			children = (
				9D4708582DF091AA0006587D /* Utils */,
				BB6D2DA32DEC1A8C00BB282E /* CustomCells */,
				BBC005E22DE9B70C00DE1FF3 /* Local */,
				BBC005D42DE9967A00DE1FF3 /* Remote */,
				BBC005D32DE9967300DE1FF3 /* Models */,
				BBC005D72DE997B900DE1FF3 /* Enums */,
			);
			path = Core;
			sourceTree = "<group>";
		};
		BBC005E22DE9B70C00DE1FF3 /* Local */ = {
			isa = PBXGroup;
			children = (
				BBC005E32DE9B72100DE1FF3 /* LocalDataSource.swift */,
			);
			path = Local;
			sourceTree = "<group>";
		};
		BBC005E52DE9BA1300DE1FF3 /* View */ = {
			isa = PBXGroup;
			children = (
				BBC2D2F62DE8D8C4002278F1 /* Home.storyboard */,
				BBC005E62DE9BA7600DE1FF3 /* HomeCollectionViewController.swift */,
				9DD7DA9A2DE9CC7A001C7900 /* HomeCollectionViewCell.swift */,
				9DD7DA9B2DE9CC7A001C7900 /* HomeCollectionViewCell.xib */,
			);
			path = View;
			sourceTree = "<group>";
		};
		BBC005E82DE9CB4400DE1FF3 /* LeagueDetails */ = {
			isa = PBXGroup;
			children = (
				BBA8E2E82DEAD65B00B4CD45 /* Presenter */,
				BBC005F72DE9E86000DE1FF3 /* Model */,
				BBC005EB2DE9CB7200DE1FF3 /* View */,
			);
			path = LeagueDetails;
			sourceTree = "<group>";
		};
		BBC005EB2DE9CB7200DE1FF3 /* View */ = {
			isa = PBXGroup;
			children = (
				BBC005E92DE9CB6E00DE1FF3 /* LeagueDetails.storyboard */,
				BBC005EC2DE9CBBD00DE1FF3 /* LeagueDetailsViewController.swift */,
			);
			path = View;
			sourceTree = "<group>";
		};
		BBC005F72DE9E86000DE1FF3 /* Model */ = {
			isa = PBXGroup;
			children = (
				BBC005F12DE9E1A600DE1FF3 /* MatchesResponse.swift */,
				BBA8E2EF2DEAD90E00B4CD45 /* Match.swift */,
			);
			path = Model;
			sourceTree = "<group>";
		};
		BBC2D2CE2DE89BD9002278F1 /* App */ = {
			isa = PBXGroup;
			children = (
				9D7D3DF42DE87032000AC249 /* AppDelegate.swift */,
				9D7D3DF62DE87032000AC249 /* SceneDelegate.swift */,
			);
			path = App;
			sourceTree = "<group>";
		};
		BBC2D2CF2DE89BEC002278F1 /* Resources */ = {
			isa = PBXGroup;
			children = (
				9D7D3E002DE8703F000AC249 /* Assets.xcassets */,
				9D7D3E022DE8703F000AC249 /* LaunchScreen.storyboard */,
			);
			path = Resources;
			sourceTree = "<group>";
		};
		BBC2D2D02DE89BFD002278F1 /* Features */ = {
			isa = PBXGroup;
			children = (
				9D47084B2DF090AF0006587D /* OnBoarding */,
				BBF55F0F2DEDEE5D001996E5 /* FavouriteLeagues */,
				BB04FBCB2DECF9A000D171C1 /* CricketLeagueDetails */,
				BB6D2E3C2DECA3AA00BB282E /* TeamDetails */,
				BB6D2D9F2DEC1A1400BB282E /* TennisLeagueDetails */,
				9DD7DA9E2DE9E9A1001C7900 /* Leagues */,
				BBC005E82DE9CB4400DE1FF3 /* LeagueDetails */,
				BBC2D2DC2DE8AA62002278F1 /* Home */,
				BBC2D2D12DE89C06002278F1 /* Splash */,
			);
			path = Features;
			sourceTree = "<group>";
		};
		BBC2D2D12DE89C06002278F1 /* Splash */ = {
			isa = PBXGroup;
			children = (
				BBC2D2D22DE89C0D002278F1 /* View */,
			);
			path = Splash;
			sourceTree = "<group>";
		};
		BBC2D2D22DE89C0D002278F1 /* View */ = {
			isa = PBXGroup;
			children = (
				9D7D3DF82DE87032000AC249 /* ViewController.swift */,
				9D7D3DFA2DE87032000AC249 /* Main.storyboard */,
				9DD4C3812DE8AD640061BB3E /* TestViewController.swift */,
			);
			path = View;
			sourceTree = "<group>";
		};
		BBC2D2DC2DE8AA62002278F1 /* Home */ = {
			isa = PBXGroup;
			children = (
				BBC005E52DE9BA1300DE1FF3 /* View */,
			);
			path = Home;
			sourceTree = "<group>";
		};
		BBF55F0F2DEDEE5D001996E5 /* FavouriteLeagues */ = {
			isa = PBXGroup;
			children = (
				9D85D3D72DEDE145003C5940 /* presenter */,
				BBF55F112DEDEE8E001996E5 /* View */,
				9D85D3CD2DEDB15F003C5940 /* Model */,
			);
			path = FavouriteLeagues;
			sourceTree = "<group>";
		};
		BBF55F112DEDEE8E001996E5 /* View */ = {
			isa = PBXGroup;
			children = (
				9D85D3D32DEDC91A003C5940 /* FavViewController.swift */,
			);
			path = View;
			sourceTree = "<group>";
		};
/* End PBXGroup section */

/* Begin PBXNativeTarget section */
		9D7D3DF02DE87032000AC249 /* KickOff */ = {
			isa = PBXNativeTarget;
			buildConfigurationList = 9D7D3E1E2DE87040000AC249 /* Build configuration list for PBXNativeTarget "KickOff" */;
			buildPhases = (
				51E625876ECEBF562338BB29 /* [CP] Check Pods Manifest.lock */,
				9D7D3DED2DE87032000AC249 /* Sources */,
				9D7D3DEE2DE87032000AC249 /* Frameworks */,
				9D7D3DEF2DE87032000AC249 /* Resources */,
				CD63B706CBFB301CE3927395 /* [CP] Embed Pods Frameworks */,
			);
			buildRules = (
			);
			dependencies = (
			);
			name = KickOff;
			productName = KickOff;
			productReference = 9D7D3DF12DE87032000AC249 /* KickOff.app */;
			productType = "com.apple.product-type.application";
		};
		9D7D3E092DE8703F000AC249 /* KickOffTests */ = {
			isa = PBXNativeTarget;
			buildConfigurationList = 9D7D3E212DE87040000AC249 /* Build configuration list for PBXNativeTarget "KickOffTests" */;
			buildPhases = (
				9D7D3E062DE8703F000AC249 /* Sources */,
				9D7D3E072DE8703F000AC249 /* Frameworks */,
				9D7D3E082DE8703F000AC249 /* Resources */,
			);
			buildRules = (
			);
			dependencies = (
				9D7D3E0C2DE8703F000AC249 /* PBXTargetDependency */,
			);
			name = KickOffTests;
			productName = KickOffTests;
			productReference = 9D7D3E0A2DE8703F000AC249 /* KickOffTests.xctest */;
			productType = "com.apple.product-type.bundle.unit-test";
		};
		9D7D3E132DE87040000AC249 /* KickOffUITests */ = {
			isa = PBXNativeTarget;
			buildConfigurationList = 9D7D3E242DE87040000AC249 /* Build configuration list for PBXNativeTarget "KickOffUITests" */;
			buildPhases = (
				9D7D3E102DE87040000AC249 /* Sources */,
				9D7D3E112DE87040000AC249 /* Frameworks */,
				9D7D3E122DE87040000AC249 /* Resources */,
			);
			buildRules = (
			);
			dependencies = (
				9D7D3E162DE87040000AC249 /* PBXTargetDependency */,
			);
			name = KickOffUITests;
			productName = KickOffUITests;
			productReference = 9D7D3E142DE87040000AC249 /* KickOffUITests.xctest */;
			productType = "com.apple.product-type.bundle.ui-testing";
		};
/* End PBXNativeTarget section */

/* Begin PBXProject section */
		9D7D3DE92DE87032000AC249 /* Project object */ = {
			isa = PBXProject;
			attributes = {
				BuildIndependentTargetsInParallel = 1;
				LastSwiftUpdateCheck = 1430;
				LastUpgradeCheck = 1430;
				TargetAttributes = {
					9D7D3DF02DE87032000AC249 = {
						CreatedOnToolsVersion = 14.3.1;
					};
					9D7D3E092DE8703F000AC249 = {
						CreatedOnToolsVersion = 14.3.1;
						TestTargetID = 9D7D3DF02DE87032000AC249;
					};
					9D7D3E132DE87040000AC249 = {
						CreatedOnToolsVersion = 14.3.1;
						TestTargetID = 9D7D3DF02DE87032000AC249;
					};
				};
			};
			buildConfigurationList = 9D7D3DEC2DE87032000AC249 /* Build configuration list for PBXProject "KickOff" */;
			compatibilityVersion = "Xcode 14.0";
			developmentRegion = en;
			hasScannedForEncodings = 0;
			knownRegions = (
				en,
				Base,
				mul,
				ar,
				es,
			);
			mainGroup = 9D7D3DE82DE87032000AC249;
			productRefGroup = 9D7D3DF22DE87032000AC249 /* Products */;
			projectDirPath = "";
			projectRoot = "";
			targets = (
				9D7D3DF02DE87032000AC249 /* KickOff */,
				9D7D3E092DE8703F000AC249 /* KickOffTests */,
				9D7D3E132DE87040000AC249 /* KickOffUITests */,
			);
		};
/* End PBXProject section */

/* Begin PBXResourcesBuildPhase section */
		9D7D3DEF2DE87032000AC249 /* Resources */ = {
			isa = PBXResourcesBuildPhase;
			buildActionMask = 2147483647;
			files = (
				9D47086C2DF0927D0006587D /* Localizable.strings in Resources */,
				BBBAE32C2DEF964A00A9D68C /* favlottie.json in Resources */,
				BBC2D2E22DE8B8EB002278F1 /* splash.json in Resources */,
				BB6D2E492DECA3AA00BB282E /* PlayerDetailsCell.xib in Resources */,
				BBBF5CA82DEA4EA100E60FFC /* UpcomingMatchCell.xib in Resources */,
				9D7D3E042DE8703F000AC249 /* LaunchScreen.storyboard in Resources */,
				9D4708572DF090AF0006587D /* onBoarding.storyboard in Resources */,
				BBC005EA2DE9CB6E00DE1FF3 /* LeagueDetails.storyboard in Resources */,
				BBC2D2F82DE8D8C4002278F1 /* Home.storyboard in Resources */,
				BB04FBCD2DECF9DE00D171C1 /* CricketDetails.storyboard in Resources */,
				9DD7DAA72DE9ECCC001C7900 /* LeaguesTableViewCell.xib in Resources */,
				9DD7DA9D2DE9CC7A001C7900 /* HomeCollectionViewCell.xib in Resources */,
				9D4708562DF090AF0006587D /* onBoarding.xcstrings in Resources */,
				BB6D2DF92DEC57BE00BB282E /* TennisGameCell.xib in Resources */,
				9D7D3E012DE8703F000AC249 /* Assets.xcassets in Resources */,
				BBBF5CA42DEA4E7B00E60FFC /* LastMatchCell.xib in Resources */,
				BBF55F0E2DEDD8B3001996E5 /* CricketGameCell.xib in Resources */,
				BB6D2DA52DEC1AEC00BB282E /* TennisDetails.storyboard in Resources */,
				9D7D3DFC2DE87032000AC249 /* Main.storyboard in Resources */,
				9DD7DAA02DE9E9E4001C7900 /* Leagues.storyboard in Resources */,
				BB6D2E482DECA3AA00BB282E /* TeamDetails.storyboard in Resources */,
				BBBF5CAC2DEA4ED600E60FFC /* TeamCell.xib in Resources */,
			);
			runOnlyForDeploymentPostprocessing = 0;
		};
		9D7D3E082DE8703F000AC249 /* Resources */ = {
			isa = PBXResourcesBuildPhase;
			buildActionMask = 2147483647;
			files = (
			);
			runOnlyForDeploymentPostprocessing = 0;
		};
		9D7D3E122DE87040000AC249 /* Resources */ = {
			isa = PBXResourcesBuildPhase;
			buildActionMask = 2147483647;
			files = (
			);
			runOnlyForDeploymentPostprocessing = 0;
		};
/* End PBXResourcesBuildPhase section */

/* Begin PBXShellScriptBuildPhase section */
		51E625876ECEBF562338BB29 /* [CP] Check Pods Manifest.lock */ = {
			isa = PBXShellScriptBuildPhase;
			buildActionMask = 2147483647;
			files = (
			);
			inputFileListPaths = (
			);
			inputPaths = (
				"${PODS_PODFILE_DIR_PATH}/Podfile.lock",
				"${PODS_ROOT}/Manifest.lock",
			);
			name = "[CP] Check Pods Manifest.lock";
			outputFileListPaths = (
			);
			outputPaths = (
				"$(DERIVED_FILE_DIR)/Pods-KickOff-checkManifestLockResult.txt",
			);
			runOnlyForDeploymentPostprocessing = 0;
			shellPath = /bin/sh;
			shellScript = "diff \"${PODS_PODFILE_DIR_PATH}/Podfile.lock\" \"${PODS_ROOT}/Manifest.lock\" > /dev/null\nif [ $? != 0 ] ; then\n    # print error to STDERR\n    echo \"error: The sandbox is not in sync with the Podfile.lock. Run 'pod install' or update your CocoaPods installation.\" >&2\n    exit 1\nfi\n# This output is used by Xcode 'outputs' to avoid re-running this script phase.\necho \"SUCCESS\" > \"${SCRIPT_OUTPUT_FILE_0}\"\n";
			showEnvVarsInLog = 0;
		};
		CD63B706CBFB301CE3927395 /* [CP] Embed Pods Frameworks */ = {
			isa = PBXShellScriptBuildPhase;
			buildActionMask = 2147483647;
			files = (
			);
			inputFileListPaths = (
				"${PODS_ROOT}/Target Support Files/Pods-KickOff/Pods-KickOff-frameworks-${CONFIGURATION}-input-files.xcfilelist",
			);
			name = "[CP] Embed Pods Frameworks";
			outputFileListPaths = (
				"${PODS_ROOT}/Target Support Files/Pods-KickOff/Pods-KickOff-frameworks-${CONFIGURATION}-output-files.xcfilelist",
			);
			runOnlyForDeploymentPostprocessing = 0;
			shellPath = /bin/sh;
			shellScript = "\"${PODS_ROOT}/Target Support Files/Pods-KickOff/Pods-KickOff-frameworks.sh\"\n";
			showEnvVarsInLog = 0;
		};
/* End PBXShellScriptBuildPhase section */

/* Begin PBXSourcesBuildPhase section */
		9D7D3DED2DE87032000AC249 /* Sources */ = {
			isa = PBXSourcesBuildPhase;
			buildActionMask = 2147483647;
			files = (
				BBC005D62DE996A100DE1FF3 /* RemoteDataSource.swift in Sources */,
				9D85D3D22DEDB460003C5940 /* LocalLeague.swift in Sources */,
				9D7D3DF92DE87032000AC249 /* ViewController.swift in Sources */,
				BBA8E3052DEB171400B4CD45 /* Team.swift in Sources */,
				9D4708652DF091AA0006587D /* LangManager.swift in Sources */,
				9D85D3D02DEDB370003C5940 /* KickOffCoreData.xcdatamodeld in Sources */,
				9DD7DAA22DE9EB11001C7900 /* LeaguesViewController.swift in Sources */,
				9D4708692DF091AA0006587D /* EmptySectionView.swift in Sources */,
				9D4708622DF091AA0006587D /* FormatUtils.swift in Sources */,
				BBF55F0D2DEDD8B3001996E5 /* CricketGameCell.swift in Sources */,
				9D4708662DF091AA0006587D /* SectionHeaderView.swift in Sources */,
				BB6D2E4A2DECA3AA00BB282E /* PlayerDetailsCell.swift in Sources */,
				9D4708552DF090AF0006587D /* ContainerViewController.swift in Sources */,
				BB6D2DF82DEC57BE00BB282E /* TennisGameCell.swift in Sources */,
				BB6D2E462DECA3AA00BB282E /* TeamDetailsPresenter.swift in Sources */,
				9DD7DAA92DEA09A1001C7900 /* LeaguesPresenter.swift in Sources */,
				BBC005D92DE997D400DE1FF3 /* SportType.swift in Sources */,
				BB6D2DB02DEC2BD900BB282E /* TennisPlayerResponse.swift in Sources */,
				BBC005DC2DE999EA00DE1FF3 /* LeagueResponse.swift in Sources */,
				BBC005F22DE9E1A600DE1FF3 /* MatchesResponse.swift in Sources */,
				BB04FBD32DED099500D171C1 /* CricketLeaguePresenter.swift in Sources */,
				9D7D3DF52DE87032000AC249 /* AppDelegate.swift in Sources */,
				9DD4C3822DE8AD640061BB3E /* TestViewController.swift in Sources */,
				9D7D3DF72DE87032000AC249 /* SceneDelegate.swift in Sources */,
				9DD7DA9C2DE9CC7A001C7900 /* HomeCollectionViewCell.swift in Sources */,
				9D4708542DF090AF0006587D /* OnBoardingViewController.swift in Sources */,
				BB6D2DA82DEC1F1100BB282E /* TennisMatchResponse.swift in Sources */,
				BBC005DE2DE99A1500DE1FF3 /* League.swift in Sources */,
				BB6D2DAD2DEC218C00BB282E /* TennisDetailsPresenter.swift in Sources */,
				BBBF5CAB2DEA4ED600E60FFC /* TeamCell.swift in Sources */,
				BBC005E02DE9B44000DE1FF3 /* Endpoint.swift in Sources */,
				9D4708672DF091AA0006587D /* LoadingIndicatorUtil.swift in Sources */,
				BBA8E2EA2DEAD67E00B4CD45 /* LeaugeDetailsPresenter.swift in Sources */,
				9D4708682DF091AA0006587D /* AlertManager.swift in Sources */,
				BBC005E72DE9BA7600DE1FF3 /* HomeCollectionViewController.swift in Sources */,
				9D85D3D42DEDC91A003C5940 /* FavViewController.swift in Sources */,
				BB6D2E472DECA3AA00BB282E /* TeamDetailsViewController.swift in Sources */,
				BBA8E2F02DEAD90E00B4CD45 /* Match.swift in Sources */,
				9D4708642DF091AA0006587D /* DateUtils.swift in Sources */,
				BBC005E42DE9B72100DE1FF3 /* LocalDataSource.swift in Sources */,
				BBBF5CA32DEA4E7B00E60FFC /* LastMatchCell.swift in Sources */,
				9DD7DAA62DE9ECCC001C7900 /* LeaguesTableViewCell.swift in Sources */,
				BB04FBD02DECFA3800D171C1 /* CircketLeagueViewController.swift in Sources */,
				BBBF5CA72DEA4EA100E60FFC /* UpcomingMatchCell.swift in Sources */,
				9D85D3D92DEDE16C003C5940 /* FavPresenter.swift in Sources */,
				BBC005ED2DE9CBBD00DE1FF3 /* LeagueDetailsViewController.swift in Sources */,
				BB6D2DA12DEC1A5D00BB282E /* TennisLeagueViewController.swift in Sources */,
				9D4708632DF091AA0006587D /* NetworkManager.swift in Sources */,
				BBA8E3032DEB16F600B4CD45 /* TeamsResponse.swift in Sources */,
			);
			runOnlyForDeploymentPostprocessing = 0;
		};
		9D7D3E062DE8703F000AC249 /* Sources */ = {
			isa = PBXSourcesBuildPhase;
			buildActionMask = 2147483647;
			files = (
				9D7D3E0F2DE87040000AC249 /* RemoteDataSourceTests.swift in Sources */,
			);
			runOnlyForDeploymentPostprocessing = 0;
		};
		9D7D3E102DE87040000AC249 /* Sources */ = {
			isa = PBXSourcesBuildPhase;
			buildActionMask = 2147483647;
			files = (
				9D7D3E1B2DE87040000AC249 /* KickOffUITestsLaunchTests.swift in Sources */,
				9D7D3E192DE87040000AC249 /* KickOffUITests.swift in Sources */,
			);
			runOnlyForDeploymentPostprocessing = 0;
		};
/* End PBXSourcesBuildPhase section */

/* Begin PBXTargetDependency section */
		9D7D3E0C2DE8703F000AC249 /* PBXTargetDependency */ = {
			isa = PBXTargetDependency;
			target = 9D7D3DF02DE87032000AC249 /* KickOff */;
			targetProxy = 9D7D3E0B2DE8703F000AC249 /* PBXContainerItemProxy */;
		};
		9D7D3E162DE87040000AC249 /* PBXTargetDependency */ = {
			isa = PBXTargetDependency;
			target = 9D7D3DF02DE87032000AC249 /* KickOff */;
			targetProxy = 9D7D3E152DE87040000AC249 /* PBXContainerItemProxy */;
		};
/* End PBXTargetDependency section */

/* Begin PBXVariantGroup section */
		9D4708502DF090AF0006587D /* onBoarding.xcstrings */ = {
			isa = PBXVariantGroup;
			children = (
				9D4708512DF090AF0006587D /* mul */,
			);
			name = onBoarding.xcstrings;
			sourceTree = "<group>";
		};
		9D4708522DF090AF0006587D /* onBoarding.storyboard */ = {
			isa = PBXVariantGroup;
			children = (
				9D4708532DF090AF0006587D /* Base */,
				9D47086F2DF093430006587D /* ar */,
				9D4708722DF093620006587D /* es */,
			);
			name = onBoarding.storyboard;
			sourceTree = "<group>";
		};
		9D47086A2DF0927D0006587D /* Localizable.strings */ = {
			isa = PBXVariantGroup;
			children = (
				9D47086B2DF0927D0006587D /* en */,
				9D4708732DF093790006587D /* ar */,
				9D4708742DF093840006587D /* es */,
			);
			name = Localizable.strings;
			sourceTree = "<group>";
		};
		9D7D3DFA2DE87032000AC249 /* Main.storyboard */ = {
			isa = PBXVariantGroup;
			children = (
				9D7D3DFB2DE87032000AC249 /* Base */,
				9D47086D2DF093210006587D /* ar */,
				9D4708702DF0935C0006587D /* es */,
			);
			name = Main.storyboard;
			sourceTree = "<group>";
		};
		9D7D3E022DE8703F000AC249 /* LaunchScreen.storyboard */ = {
			isa = PBXVariantGroup;
			children = (
				9D7D3E032DE8703F000AC249 /* Base */,
				9D47086E2DF093240006587D /* ar */,
				9D4708712DF0935C0006587D /* es */,
			);
			name = LaunchScreen.storyboard;
			sourceTree = "<group>";
		};
/* End PBXVariantGroup section */

/* Begin XCBuildConfiguration section */
		9D7D3E1C2DE87040000AC249 /* Debug */ = {
			isa = XCBuildConfiguration;
			buildSettings = {
				ALWAYS_SEARCH_USER_PATHS = NO;
				CLANG_ANALYZER_NONNULL = YES;
				CLANG_ANALYZER_NUMBER_OBJECT_CONVERSION = YES_AGGRESSIVE;
				CLANG_CXX_LANGUAGE_STANDARD = "gnu++20";
				CLANG_ENABLE_MODULES = YES;
				CLANG_ENABLE_OBJC_ARC = YES;
				CLANG_ENABLE_OBJC_WEAK = YES;
				CLANG_WARN_BLOCK_CAPTURE_AUTORELEASING = YES;
				CLANG_WARN_BOOL_CONVERSION = YES;
				CLANG_WARN_COMMA = YES;
				CLANG_WARN_CONSTANT_CONVERSION = YES;
				CLANG_WARN_DEPRECATED_OBJC_IMPLEMENTATIONS = YES;
				CLANG_WARN_DIRECT_OBJC_ISA_USAGE = YES_ERROR;
				CLANG_WARN_DOCUMENTATION_COMMENTS = YES;
				CLANG_WARN_EMPTY_BODY = YES;
				CLANG_WARN_ENUM_CONVERSION = YES;
				CLANG_WARN_INFINITE_RECURSION = YES;
				CLANG_WARN_INT_CONVERSION = YES;
				CLANG_WARN_NON_LITERAL_NULL_CONVERSION = YES;
				CLANG_WARN_OBJC_IMPLICIT_RETAIN_SELF = YES;
				CLANG_WARN_OBJC_LITERAL_CONVERSION = YES;
				CLANG_WARN_OBJC_ROOT_CLASS = YES_ERROR;
				CLANG_WARN_QUOTED_INCLUDE_IN_FRAMEWORK_HEADER = YES;
				CLANG_WARN_RANGE_LOOP_ANALYSIS = YES;
				CLANG_WARN_STRICT_PROTOTYPES = YES;
				CLANG_WARN_SUSPICIOUS_MOVE = YES;
				CLANG_WARN_UNGUARDED_AVAILABILITY = YES_AGGRESSIVE;
				CLANG_WARN_UNREACHABLE_CODE = YES;
				CLANG_WARN__DUPLICATE_METHOD_MATCH = YES;
				COPY_PHASE_STRIP = NO;
				DEBUG_INFORMATION_FORMAT = dwarf;
				ENABLE_STRICT_OBJC_MSGSEND = YES;
				ENABLE_TESTABILITY = YES;
				GCC_C_LANGUAGE_STANDARD = gnu11;
				GCC_DYNAMIC_NO_PIC = NO;
				GCC_NO_COMMON_BLOCKS = YES;
				GCC_OPTIMIZATION_LEVEL = 0;
				GCC_PREPROCESSOR_DEFINITIONS = (
					"DEBUG=1",
					"$(inherited)",
				);
				GCC_WARN_64_TO_32_BIT_CONVERSION = YES;
				GCC_WARN_ABOUT_RETURN_TYPE = YES_ERROR;
				GCC_WARN_UNDECLARED_SELECTOR = YES;
				GCC_WARN_UNINITIALIZED_AUTOS = YES_AGGRESSIVE;
				GCC_WARN_UNUSED_FUNCTION = YES;
				GCC_WARN_UNUSED_VARIABLE = YES;
				IPHONEOS_DEPLOYMENT_TARGET = 16.4;
				MTL_ENABLE_DEBUG_INFO = INCLUDE_SOURCE;
				MTL_FAST_MATH = YES;
				ONLY_ACTIVE_ARCH = YES;
				SDKROOT = iphoneos;
				SWIFT_ACTIVE_COMPILATION_CONDITIONS = DEBUG;
				SWIFT_OPTIMIZATION_LEVEL = "-Onone";
			};
			name = Debug;
		};
		9D7D3E1D2DE87040000AC249 /* Release */ = {
			isa = XCBuildConfiguration;
			buildSettings = {
				ALWAYS_SEARCH_USER_PATHS = NO;
				CLANG_ANALYZER_NONNULL = YES;
				CLANG_ANALYZER_NUMBER_OBJECT_CONVERSION = YES_AGGRESSIVE;
				CLANG_CXX_LANGUAGE_STANDARD = "gnu++20";
				CLANG_ENABLE_MODULES = YES;
				CLANG_ENABLE_OBJC_ARC = YES;
				CLANG_ENABLE_OBJC_WEAK = YES;
				CLANG_WARN_BLOCK_CAPTURE_AUTORELEASING = YES;
				CLANG_WARN_BOOL_CONVERSION = YES;
				CLANG_WARN_COMMA = YES;
				CLANG_WARN_CONSTANT_CONVERSION = YES;
				CLANG_WARN_DEPRECATED_OBJC_IMPLEMENTATIONS = YES;
				CLANG_WARN_DIRECT_OBJC_ISA_USAGE = YES_ERROR;
				CLANG_WARN_DOCUMENTATION_COMMENTS = YES;
				CLANG_WARN_EMPTY_BODY = YES;
				CLANG_WARN_ENUM_CONVERSION = YES;
				CLANG_WARN_INFINITE_RECURSION = YES;
				CLANG_WARN_INT_CONVERSION = YES;
				CLANG_WARN_NON_LITERAL_NULL_CONVERSION = YES;
				CLANG_WARN_OBJC_IMPLICIT_RETAIN_SELF = YES;
				CLANG_WARN_OBJC_LITERAL_CONVERSION = YES;
				CLANG_WARN_OBJC_ROOT_CLASS = YES_ERROR;
				CLANG_WARN_QUOTED_INCLUDE_IN_FRAMEWORK_HEADER = YES;
				CLANG_WARN_RANGE_LOOP_ANALYSIS = YES;
				CLANG_WARN_STRICT_PROTOTYPES = YES;
				CLANG_WARN_SUSPICIOUS_MOVE = YES;
				CLANG_WARN_UNGUARDED_AVAILABILITY = YES_AGGRESSIVE;
				CLANG_WARN_UNREACHABLE_CODE = YES;
				CLANG_WARN__DUPLICATE_METHOD_MATCH = YES;
				COPY_PHASE_STRIP = NO;
				DEBUG_INFORMATION_FORMAT = "dwarf-with-dsym";
				ENABLE_NS_ASSERTIONS = NO;
				ENABLE_STRICT_OBJC_MSGSEND = YES;
				GCC_C_LANGUAGE_STANDARD = gnu11;
				GCC_NO_COMMON_BLOCKS = YES;
				GCC_WARN_64_TO_32_BIT_CONVERSION = YES;
				GCC_WARN_ABOUT_RETURN_TYPE = YES_ERROR;
				GCC_WARN_UNDECLARED_SELECTOR = YES;
				GCC_WARN_UNINITIALIZED_AUTOS = YES_AGGRESSIVE;
				GCC_WARN_UNUSED_FUNCTION = YES;
				GCC_WARN_UNUSED_VARIABLE = YES;
				IPHONEOS_DEPLOYMENT_TARGET = 16.4;
				MTL_ENABLE_DEBUG_INFO = NO;
				MTL_FAST_MATH = YES;
				SDKROOT = iphoneos;
				SWIFT_COMPILATION_MODE = wholemodule;
				SWIFT_OPTIMIZATION_LEVEL = "-O";
				VALIDATE_PRODUCT = YES;
			};
			name = Release;
		};
		9D7D3E1F2DE87040000AC249 /* Debug */ = {
			isa = XCBuildConfiguration;
			baseConfigurationReference = 1CF4605133D34CD14D96C747 /* Pods-KickOff.debug.xcconfig */;
			buildSettings = {
				ASSETCATALOG_COMPILER_APPICON_NAME = AppIcon;
				ASSETCATALOG_COMPILER_GLOBAL_ACCENT_COLOR_NAME = AccentColor;
				CODE_SIGN_STYLE = Automatic;
				CURRENT_PROJECT_VERSION = 1;
				GENERATE_INFOPLIST_FILE = YES;
				INFOPLIST_FILE = KickOff/Info.plist;
				INFOPLIST_KEY_UIApplicationSupportsIndirectInputEvents = YES;
				INFOPLIST_KEY_UILaunchStoryboardName = LaunchScreen;
				INFOPLIST_KEY_UIMainStoryboardFile = Main;
				INFOPLIST_KEY_UISupportedInterfaceOrientations_iPad = "UIInterfaceOrientationPortrait UIInterfaceOrientationPortraitUpsideDown UIInterfaceOrientationLandscapeLeft UIInterfaceOrientationLandscapeRight";
				INFOPLIST_KEY_UISupportedInterfaceOrientations_iPhone = "UIInterfaceOrientationPortrait UIInterfaceOrientationLandscapeLeft UIInterfaceOrientationLandscapeRight";
				LD_RUNPATH_SEARCH_PATHS = (
					"$(inherited)",
					"@executable_path/Frameworks",
				);
				MARKETING_VERSION = 1.0;
				PRODUCT_BUNDLE_IDENTIFIER = com.Abdo.KickOff;
				PRODUCT_NAME = "$(TARGET_NAME)";
				SWIFT_EMIT_LOC_STRINGS = YES;
				SWIFT_VERSION = 5.0;
				TARGETED_DEVICE_FAMILY = "1,2";
			};
			name = Debug;
		};
		9D7D3E202DE87040000AC249 /* Release */ = {
			isa = XCBuildConfiguration;
			baseConfigurationReference = 2A52182C4922D88A9B9989AB /* Pods-KickOff.release.xcconfig */;
			buildSettings = {
				ASSETCATALOG_COMPILER_APPICON_NAME = AppIcon;
				ASSETCATALOG_COMPILER_GLOBAL_ACCENT_COLOR_NAME = AccentColor;
				CODE_SIGN_STYLE = Automatic;
				CURRENT_PROJECT_VERSION = 1;
				GENERATE_INFOPLIST_FILE = YES;
				INFOPLIST_FILE = KickOff/Info.plist;
				INFOPLIST_KEY_UIApplicationSupportsIndirectInputEvents = YES;
				INFOPLIST_KEY_UILaunchStoryboardName = LaunchScreen;
				INFOPLIST_KEY_UIMainStoryboardFile = Main;
				INFOPLIST_KEY_UISupportedInterfaceOrientations_iPad = "UIInterfaceOrientationPortrait UIInterfaceOrientationPortraitUpsideDown UIInterfaceOrientationLandscapeLeft UIInterfaceOrientationLandscapeRight";
				INFOPLIST_KEY_UISupportedInterfaceOrientations_iPhone = "UIInterfaceOrientationPortrait UIInterfaceOrientationLandscapeLeft UIInterfaceOrientationLandscapeRight";
				LD_RUNPATH_SEARCH_PATHS = (
					"$(inherited)",
					"@executable_path/Frameworks",
				);
				MARKETING_VERSION = 1.0;
				PRODUCT_BUNDLE_IDENTIFIER = com.Abdo.KickOff;
				PRODUCT_NAME = "$(TARGET_NAME)";
				SWIFT_EMIT_LOC_STRINGS = YES;
				SWIFT_VERSION = 5.0;
				TARGETED_DEVICE_FAMILY = "1,2";
			};
			name = Release;
		};
		9D7D3E222DE87040000AC249 /* Debug */ = {
			isa = XCBuildConfiguration;
			buildSettings = {
				ALWAYS_EMBED_SWIFT_STANDARD_LIBRARIES = YES;
				BUNDLE_LOADER = "$(TEST_HOST)";
				CODE_SIGN_STYLE = Automatic;
				CURRENT_PROJECT_VERSION = 1;
				GENERATE_INFOPLIST_FILE = YES;
				IPHONEOS_DEPLOYMENT_TARGET = 16.4;
				MARKETING_VERSION = 1.0;
				PRODUCT_BUNDLE_IDENTIFIER = com.Abdo.KickOffTests;
				PRODUCT_NAME = "$(TARGET_NAME)";
				SWIFT_EMIT_LOC_STRINGS = NO;
				SWIFT_VERSION = 5.0;
				TARGETED_DEVICE_FAMILY = "1,2";
				TEST_HOST = "$(BUILT_PRODUCTS_DIR)/KickOff.app/$(BUNDLE_EXECUTABLE_FOLDER_PATH)/KickOff";
			};
			name = Debug;
		};
		9D7D3E232DE87040000AC249 /* Release */ = {
			isa = XCBuildConfiguration;
			buildSettings = {
				ALWAYS_EMBED_SWIFT_STANDARD_LIBRARIES = YES;
				BUNDLE_LOADER = "$(TEST_HOST)";
				CODE_SIGN_STYLE = Automatic;
				CURRENT_PROJECT_VERSION = 1;
				GENERATE_INFOPLIST_FILE = YES;
				IPHONEOS_DEPLOYMENT_TARGET = 16.4;
				MARKETING_VERSION = 1.0;
				PRODUCT_BUNDLE_IDENTIFIER = com.Abdo.KickOffTests;
				PRODUCT_NAME = "$(TARGET_NAME)";
				SWIFT_EMIT_LOC_STRINGS = NO;
				SWIFT_VERSION = 5.0;
				TARGETED_DEVICE_FAMILY = "1,2";
				TEST_HOST = "$(BUILT_PRODUCTS_DIR)/KickOff.app/$(BUNDLE_EXECUTABLE_FOLDER_PATH)/KickOff";
			};
			name = Release;
		};
		9D7D3E252DE87040000AC249 /* Debug */ = {
			isa = XCBuildConfiguration;
			buildSettings = {
				ALWAYS_EMBED_SWIFT_STANDARD_LIBRARIES = YES;
				CODE_SIGN_STYLE = Automatic;
				CURRENT_PROJECT_VERSION = 1;
				GENERATE_INFOPLIST_FILE = YES;
				MARKETING_VERSION = 1.0;
				PRODUCT_BUNDLE_IDENTIFIER = com.Abdo.KickOffUITests;
				PRODUCT_NAME = "$(TARGET_NAME)";
				SWIFT_EMIT_LOC_STRINGS = NO;
				SWIFT_VERSION = 5.0;
				TARGETED_DEVICE_FAMILY = "1,2";
				TEST_TARGET_NAME = KickOff;
			};
			name = Debug;
		};
		9D7D3E262DE87040000AC249 /* Release */ = {
			isa = XCBuildConfiguration;
			buildSettings = {
				ALWAYS_EMBED_SWIFT_STANDARD_LIBRARIES = YES;
				CODE_SIGN_STYLE = Automatic;
				CURRENT_PROJECT_VERSION = 1;
				GENERATE_INFOPLIST_FILE = YES;
				MARKETING_VERSION = 1.0;
				PRODUCT_BUNDLE_IDENTIFIER = com.Abdo.KickOffUITests;
				PRODUCT_NAME = "$(TARGET_NAME)";
				SWIFT_EMIT_LOC_STRINGS = NO;
				SWIFT_VERSION = 5.0;
				TARGETED_DEVICE_FAMILY = "1,2";
				TEST_TARGET_NAME = KickOff;
			};
			name = Release;
		};
/* End XCBuildConfiguration section */

/* Begin XCConfigurationList section */
		9D7D3DEC2DE87032000AC249 /* Build configuration list for PBXProject "KickOff" */ = {
			isa = XCConfigurationList;
			buildConfigurations = (
				9D7D3E1C2DE87040000AC249 /* Debug */,
				9D7D3E1D2DE87040000AC249 /* Release */,
			);
			defaultConfigurationIsVisible = 0;
			defaultConfigurationName = Release;
		};
		9D7D3E1E2DE87040000AC249 /* Build configuration list for PBXNativeTarget "KickOff" */ = {
			isa = XCConfigurationList;
			buildConfigurations = (
				9D7D3E1F2DE87040000AC249 /* Debug */,
				9D7D3E202DE87040000AC249 /* Release */,
			);
			defaultConfigurationIsVisible = 0;
			defaultConfigurationName = Release;
		};
		9D7D3E212DE87040000AC249 /* Build configuration list for PBXNativeTarget "KickOffTests" */ = {
			isa = XCConfigurationList;
			buildConfigurations = (
				9D7D3E222DE87040000AC249 /* Debug */,
				9D7D3E232DE87040000AC249 /* Release */,
			);
			defaultConfigurationIsVisible = 0;
			defaultConfigurationName = Release;
		};
		9D7D3E242DE87040000AC249 /* Build configuration list for PBXNativeTarget "KickOffUITests" */ = {
			isa = XCConfigurationList;
			buildConfigurations = (
				9D7D3E252DE87040000AC249 /* Debug */,
				9D7D3E262DE87040000AC249 /* Release */,
			);
			defaultConfigurationIsVisible = 0;
			defaultConfigurationName = Release;
		};
/* End XCConfigurationList section */

/* Begin XCVersionGroup section */
		9D85D3CE2DEDB370003C5940 /* KickOffCoreData.xcdatamodeld */ = {
			isa = XCVersionGroup;
			children = (
				9D85D3CF2DEDB370003C5940 /* KickOffCoreData.xcdatamodel */,
			);
			currentVersion = 9D85D3CF2DEDB370003C5940 /* KickOffCoreData.xcdatamodel */;
			path = KickOffCoreData.xcdatamodeld;
			sourceTree = "<group>";
			versionGroupType = wrapper.xcdatamodel;
		};
/* End XCVersionGroup section */
	};
	rootObject = 9D7D3DE92DE87032000AC249 /* Project object */;
}
