// !$*UTF8*$!
{
	archiveVersion = 1;
	classes = {
	};
	objectVersion = 56;
	objects = {

/* Begin PBXBuildFile section */
		0AD8766B6AA55305596B269C /* Pods_KickOff.framework in Frameworks */ = {isa = PBXBuildFile; fileRef = 3FC9A0B83BFCC45153C9895C /* Pods_KickOff.framework */; };
		9D47086C2DF0927D0006587D /* Localizable.strings in Resources */ = {isa = PBXBuildFile; fileRef = 9D47086A2DF0927D0006587D /* Localizable.strings */; };
		9D4708BD2DF1BA370006587D /* EmptyCell.swift in Sources */ = {isa = PBXBuildFile; fileRef = 9D4708972DF1BA360006587D /* EmptyCell.swift */; };
		9D4708BE2DF1BA370006587D /* TennisGameCell.xib in Resources */ = {isa = PBXBuildFile; fileRef = 9D4708982DF1BA360006587D /* TennisGameCell.xib */; };
		9D4708BF2DF1BA370006587D /* LastMatchCell.swift in Sources */ = {isa = PBXBuildFile; fileRef = 9D4708992DF1BA360006587D /* LastMatchCell.swift */; };
		9D4708C12DF1BA370006587D /* EmptyCell.xib in Resources */ = {isa = PBXBuildFile; fileRef = 9D47089C2DF1BA360006587D /* EmptyCell.xib */; };
		9D4708C22DF1BA370006587D /* TeamCell.xib in Resources */ = {isa = PBXBuildFile; fileRef = 9D47089E2DF1BA360006587D /* TeamCell.xib */; };
		9D4708C32DF1BA370006587D /* UpcomingMatchCell.xib in Resources */ = {isa = PBXBuildFile; fileRef = 9D47089F2DF1BA360006587D /* UpcomingMatchCell.xib */; };
		9D4708C42DF1BA370006587D /* TeamCell.swift in Sources */ = {isa = PBXBuildFile; fileRef = 9D4708A02DF1BA360006587D /* TeamCell.swift */; };
		9D4708C52DF1BA370006587D /* LastMatchCell.xib in Resources */ = {isa = PBXBuildFile; fileRef = 9D4708A12DF1BA360006587D /* LastMatchCell.xib */; };
		9D4708C62DF1BA370006587D /* CricketGameCell.swift in Sources */ = {isa = PBXBuildFile; fileRef = 9D4708A22DF1BA360006587D /* CricketGameCell.swift */; };
		9D4708C72DF1BA370006587D /* CricketGameCell.xib in Resources */ = {isa = PBXBuildFile; fileRef = 9D4708A32DF1BA360006587D /* CricketGameCell.xib */; };
		9D4708C82DF1BA370006587D /* UpcomingMatchCell.swift in Sources */ = {isa = PBXBuildFile; fileRef = 9D4708A42DF1BA360006587D /* UpcomingMatchCell.swift */; };
		9D4708C92DF1BA370006587D /* TennisGameCell.swift in Sources */ = {isa = PBXBuildFile; fileRef = 9D4708A52DF1BA360006587D /* TennisGameCell.swift */; };
		9D4708CA2DF1BA370006587D /* SportType.swift in Sources */ = {isa = PBXBuildFile; fileRef = 9D4708A72DF1BA360006587D /* SportType.swift */; };
		9D4708CB2DF1BA370006587D /* Endpoint.swift in Sources */ = {isa = PBXBuildFile; fileRef = 9D4708A82DF1BA360006587D /* Endpoint.swift */; };
		9D4708CC2DF1BA370006587D /* OnboardingManager.swift in Sources */ = {isa = PBXBuildFile; fileRef = 9D4708AA2DF1BA360006587D /* OnboardingManager.swift */; };
		9D4708CD2DF1BA370006587D /* FormatUtils.swift in Sources */ = {isa = PBXBuildFile; fileRef = 9D4708AB2DF1BA360006587D /* FormatUtils.swift */; };
		9D4708CE2DF1BA370006587D /* NetworkManager.swift in Sources */ = {isa = PBXBuildFile; fileRef = 9D4708AC2DF1BA360006587D /* NetworkManager.swift */; };
		9D4708CF2DF1BA370006587D /* DateUtils.swift in Sources */ = {isa = PBXBuildFile; fileRef = 9D4708AD2DF1BA360006587D /* DateUtils.swift */; };
		9D4708D02DF1BA370006587D /* LangManager.swift in Sources */ = {isa = PBXBuildFile; fileRef = 9D4708AE2DF1BA360006587D /* LangManager.swift */; };
		9D4708D12DF1BA370006587D /* SectionHeaderView.swift in Sources */ = {isa = PBXBuildFile; fileRef = 9D4708B02DF1BA360006587D /* SectionHeaderView.swift */; };
		9D4708D22DF1BA370006587D /* LoadingIndicatorUtil.swift in Sources */ = {isa = PBXBuildFile; fileRef = 9D4708B12DF1BA360006587D /* LoadingIndicatorUtil.swift */; };
		9D4708D32DF1BA370006587D /* AlertManager.swift in Sources */ = {isa = PBXBuildFile; fileRef = 9D4708B22DF1BA360006587D /* AlertManager.swift */; };
		9D4708D42DF1BA370006587D /* EmptySectionView.swift in Sources */ = {isa = PBXBuildFile; fileRef = 9D4708B32DF1BA360006587D /* EmptySectionView.swift */; };
		9D4708D52DF1BA370006587D /* LeagueResponse.swift in Sources */ = {isa = PBXBuildFile; fileRef = 9D4708B52DF1BA370006587D /* LeagueResponse.swift */; };
		9D4708D62DF1BA370006587D /* TeamsResponse.swift in Sources */ = {isa = PBXBuildFile; fileRef = 9D4708B62DF1BA370006587D /* TeamsResponse.swift */; };
		9D4708D72DF1BA370006587D /* Team.swift in Sources */ = {isa = PBXBuildFile; fileRef = 9D4708B72DF1BA370006587D /* Team.swift */; };
		9D4708D82DF1BA370006587D /* League.swift in Sources */ = {isa = PBXBuildFile; fileRef = 9D4708B82DF1BA370006587D /* League.swift */; };
		9D4708D92DF1BA370006587D /* LocalDataSource.swift in Sources */ = {isa = PBXBuildFile; fileRef = 9D4708BA2DF1BA370006587D /* LocalDataSource.swift */; };
		9D4708DA2DF1BA370006587D /* RemoteDataSource.swift in Sources */ = {isa = PBXBuildFile; fileRef = 9D4708BC2DF1BA370006587D /* RemoteDataSource.swift */; };
		9D47092B2DF1BAA00006587D /* HomeCollectionViewCell.swift in Sources */ = {isa = PBXBuildFile; fileRef = 9D4708DE2DF1BA9F0006587D /* HomeCollectionViewCell.swift */; };
		9D47092C2DF1BAA00006587D /* HomeCollectionViewController.swift in Sources */ = {isa = PBXBuildFile; fileRef = 9D4708DF2DF1BA9F0006587D /* HomeCollectionViewController.swift */; };
		9D47092D2DF1BAA00006587D /* Home.storyboard in Resources */ = {isa = PBXBuildFile; fileRef = 9D4708E02DF1BA9F0006587D /* Home.storyboard */; };
		9D47092E2DF1BAA00006587D /* HomeCollectionViewCell.xib in Resources */ = {isa = PBXBuildFile; fileRef = 9D4708E12DF1BA9F0006587D /* HomeCollectionViewCell.xib */; };
		9D47092F2DF1BAA00006587D /* SplashPresenter.swift in Sources */ = {isa = PBXBuildFile; fileRef = 9D4708E42DF1BA9F0006587D /* SplashPresenter.swift */; };
		9D4709302DF1BAA00006587D /* Main.strings in Resources */ = {isa = PBXBuildFile; fileRef = 9D4708E62DF1BA9F0006587D /* Main.strings */; };
		9D4709312DF1BAA00006587D /* ViewController.swift in Sources */ = {isa = PBXBuildFile; fileRef = 9D4708E82DF1BA9F0006587D /* ViewController.swift */; };
		9D4709322DF1BAA00006587D /* Main.storyboard in Resources */ = {isa = PBXBuildFile; fileRef = 9D4708EA2DF1BA9F0006587D /* Main.storyboard */; };
		9D4709332DF1BAA00006587D /* TestViewController.swift in Sources */ = {isa = PBXBuildFile; fileRef = 9D4708EC2DF1BA9F0006587D /* TestViewController.swift */; };
		9D4709342DF1BAA00006587D /* FavPresenter.swift in Sources */ = {isa = PBXBuildFile; fileRef = 9D4708EF2DF1BA9F0006587D /* FavPresenter.swift */; };
		9D4709352DF1BAA00006587D /* LocalLeague.swift in Sources */ = {isa = PBXBuildFile; fileRef = 9D4708F12DF1BA9F0006587D /* LocalLeague.swift */; };
		9D4709362DF1BAA00006587D /* FavViewController.swift in Sources */ = {isa = PBXBuildFile; fileRef = 9D4708F32DF1BA9F0006587D /* FavViewController.swift */; };
		9D4709372DF1BAA00006587D /* LeaugeDetailsPresenter.swift in Sources */ = {isa = PBXBuildFile; fileRef = 9D4708F62DF1BA9F0006587D /* LeaugeDetailsPresenter.swift */; };
		9D4709382DF1BAA00006587D /* MatchesResponse.swift in Sources */ = {isa = PBXBuildFile; fileRef = 9D4708F82DF1BA9F0006587D /* MatchesResponse.swift */; };
		9D4709392DF1BAA00006587D /* Match.swift in Sources */ = {isa = PBXBuildFile; fileRef = 9D4708F92DF1BA9F0006587D /* Match.swift */; };
		9D47093A2DF1BAA00006587D /* Remote.swift in Sources */ = {isa = PBXBuildFile; fileRef = 9D4708FB2DF1BA9F0006587D /* Remote.swift */; };
		9D47093B2DF1BAA00006587D /* LeagueDetails.storyboard in Resources */ = {isa = PBXBuildFile; fileRef = 9D4708FD2DF1BA9F0006587D /* LeagueDetails.storyboard */; };
		9D47093C2DF1BAA00006587D /* LeagueDetailsViewController.swift in Sources */ = {isa = PBXBuildFile; fileRef = 9D4708FE2DF1BA9F0006587D /* LeagueDetailsViewController.swift */; };
		9D47093D2DF1BAA00006587D /* LeaguesPresenter.swift in Sources */ = {isa = PBXBuildFile; fileRef = 9D4709012DF1BA9F0006587D /* LeaguesPresenter.swift */; };
		9D47093E2DF1BAA00006587D /* LeaguesTableViewCell.swift in Sources */ = {isa = PBXBuildFile; fileRef = 9D4709032DF1BA9F0006587D /* LeaguesTableViewCell.swift */; };
		9D47093F2DF1BAA00006587D /* Leagues.storyboard in Resources */ = {isa = PBXBuildFile; fileRef = 9D4709042DF1BA9F0006587D /* Leagues.storyboard */; };
		9D4709402DF1BAA00006587D /* LeaguesTableViewCell.xib in Resources */ = {isa = PBXBuildFile; fileRef = 9D4709052DF1BA9F0006587D /* LeaguesTableViewCell.xib */; };
		9D4709412DF1BAA00006587D /* LeaguesViewController.swift in Sources */ = {isa = PBXBuildFile; fileRef = 9D4709062DF1BA9F0006587D /* LeaguesViewController.swift */; };
		9D4709422DF1BAA00006587D /* TennisDetailsPresenter.swift in Sources */ = {isa = PBXBuildFile; fileRef = 9D4709092DF1BA9F0006587D /* TennisDetailsPresenter.swift */; };
		9D4709432DF1BAA00006587D /* TennisMatchResponse.swift in Sources */ = {isa = PBXBuildFile; fileRef = 9D47090B2DF1BA9F0006587D /* TennisMatchResponse.swift */; };
		9D4709442DF1BAA00006587D /* TennisPlayerResponse.swift in Sources */ = {isa = PBXBuildFile; fileRef = 9D47090C2DF1BA9F0006587D /* TennisPlayerResponse.swift */; };
		9D4709452DF1BAA00006587D /* TennisDetails.storyboard in Resources */ = {isa = PBXBuildFile; fileRef = 9D47090E2DF1BA9F0006587D /* TennisDetails.storyboard */; };
		9D4709462DF1BAA00006587D /* TennisLeagueViewController.swift in Sources */ = {isa = PBXBuildFile; fileRef = 9D47090F2DF1BA9F0006587D /* TennisLeagueViewController.swift */; };
		9D4709472DF1BAA00006587D /* TeamDetailsPresenter.swift in Sources */ = {isa = PBXBuildFile; fileRef = 9D4709122DF1BA9F0006587D /* TeamDetailsPresenter.swift */; };
		9D4709482DF1BAA00006587D /* TeamDetailsViewController.swift in Sources */ = {isa = PBXBuildFile; fileRef = 9D4709142DF1BAA00006587D /* TeamDetailsViewController.swift */; };
		9D4709492DF1BAA00006587D /* TeamDetails.storyboard in Resources */ = {isa = PBXBuildFile; fileRef = 9D4709152DF1BAA00006587D /* TeamDetails.storyboard */; };
		9D47094A2DF1BAA00006587D /* PlayerDetailsCell.xib in Resources */ = {isa = PBXBuildFile; fileRef = 9D4709162DF1BAA00006587D /* PlayerDetailsCell.xib */; };
		9D47094B2DF1BAA00006587D /* PlayerDetailsCell.swift in Sources */ = {isa = PBXBuildFile; fileRef = 9D4709172DF1BAA00006587D /* PlayerDetailsCell.swift */; };
		9D47094C2DF1BAA00006587D /* OnBoardingViewController.swift in Sources */ = {isa = PBXBuildFile; fileRef = 9D47091A2DF1BAA00006587D /* OnBoardingViewController.swift */; };
		9D47094D2DF1BAA00006587D /* ContainerViewController.swift in Sources */ = {isa = PBXBuildFile; fileRef = 9D47091B2DF1BAA00006587D /* ContainerViewController.swift */; };
		9D47094E2DF1BAA00006587D /* onBoarding.strings in Resources */ = {isa = PBXBuildFile; fileRef = 9D47091D2DF1BAA00006587D /* onBoarding.strings */; };
		9D47094F2DF1BAA00006587D /* onBoarding.xcstrings in Resources */ = {isa = PBXBuildFile; fileRef = 9D4709212DF1BAA00006587D /* onBoarding.xcstrings */; };
		9D4709502DF1BAA00006587D /* onBoarding.storyboard in Resources */ = {isa = PBXBuildFile; fileRef = 9D4709232DF1BAA00006587D /* onBoarding.storyboard */; };
		9D4709512DF1BAA00006587D /* CricketLeaguePresenter.swift in Sources */ = {isa = PBXBuildFile; fileRef = 9D4709272DF1BAA00006587D /* CricketLeaguePresenter.swift */; };
		9D4709522DF1BAA00006587D /* CircketLeagueViewController.swift in Sources */ = {isa = PBXBuildFile; fileRef = 9D4709292DF1BAA00006587D /* CircketLeagueViewController.swift */; };
		9D4709532DF1BAA00006587D /* CricketDetails.storyboard in Resources */ = {isa = PBXBuildFile; fileRef = 9D47092A2DF1BAA00006587D /* CricketDetails.storyboard */; };
		9D47095D2DF1BAC70006587D /* LaunchScreen.strings in Resources */ = {isa = PBXBuildFile; fileRef = 9D4709552DF1BAC70006587D /* LaunchScreen.strings */; };
		9D47095E2DF1BAC70006587D /* Assets.xcassets in Resources */ = {isa = PBXBuildFile; fileRef = 9D4709582DF1BAC70006587D /* Assets.xcassets */; };
		9D47095F2DF1BAC70006587D /* LaunchScreen.storyboard in Resources */ = {isa = PBXBuildFile; fileRef = 9D4709592DF1BAC70006587D /* LaunchScreen.storyboard */; };
		9D4709602DF1BAC70006587D /* splash.json in Resources */ = {isa = PBXBuildFile; fileRef = 9D47095B2DF1BAC70006587D /* splash.json */; };
		9D4709612DF1BAC70006587D /* favlottie.json in Resources */ = {isa = PBXBuildFile; fileRef = 9D47095C2DF1BAC70006587D /* favlottie.json */; };
		9D7D3DF52DE87032000AC249 /* AppDelegate.swift in Sources */ = {isa = PBXBuildFile; fileRef = 9D7D3DF42DE87032000AC249 /* AppDelegate.swift */; };
		9D7D3DF72DE87032000AC249 /* SceneDelegate.swift in Sources */ = {isa = PBXBuildFile; fileRef = 9D7D3DF62DE87032000AC249 /* SceneDelegate.swift */; };
		9D7D3E0F2DE87040000AC249 /* RemoteDataSourceTests.swift in Sources */ = {isa = PBXBuildFile; fileRef = 9D7D3E0E2DE87040000AC249 /* RemoteDataSourceTests.swift */; };
		9D7D3E192DE87040000AC249 /* KickOffUITests.swift in Sources */ = {isa = PBXBuildFile; fileRef = 9D7D3E182DE87040000AC249 /* KickOffUITests.swift */; };
		9D7D3E1B2DE87040000AC249 /* KickOffUITestsLaunchTests.swift in Sources */ = {isa = PBXBuildFile; fileRef = 9D7D3E1A2DE87040000AC249 /* KickOffUITestsLaunchTests.swift */; };
		9D85D3D02DEDB370003C5940 /* KickOffCoreData.xcdatamodeld in Sources */ = {isa = PBXBuildFile; fileRef = 9D85D3CE2DEDB370003C5940 /* KickOffCoreData.xcdatamodeld */; };
		BBBAE32C2DEF964A00A9D68C /* favlottie.json in Resources */ = {isa = PBXBuildFile; fileRef = BBBAE32B2DEF964900A9D68C /* favlottie.json */; };
		BBC2D2E22DE8B8EB002278F1 /* splash.json in Resources */ = {isa = PBXBuildFile; fileRef = BBC2D2E12DE8B8EA002278F1 /* splash.json */; };
/* End PBXBuildFile section */

/* Begin PBXContainerItemProxy section */
		9D7D3E0B2DE8703F000AC249 /* PBXContainerItemProxy */ = {
			isa = PBXContainerItemProxy;
			containerPortal = 9D7D3DE92DE87032000AC249 /* Project object */;
			proxyType = 1;
			remoteGlobalIDString = 9D7D3DF02DE87032000AC249;
			remoteInfo = KickOff;
		};
		9D7D3E152DE87040000AC249 /* PBXContainerItemProxy */ = {
			isa = PBXContainerItemProxy;
			containerPortal = 9D7D3DE92DE87032000AC249 /* Project object */;
			proxyType = 1;
			remoteGlobalIDString = 9D7D3DF02DE87032000AC249;
			remoteInfo = KickOff;
		};
/* End PBXContainerItemProxy section */

/* Begin PBXFileReference section */
		1CF4605133D34CD14D96C747 /* Pods-KickOff.debug.xcconfig */ = {isa = PBXFileReference; includeInIndex = 1; lastKnownFileType = text.xcconfig; name = "Pods-KickOff.debug.xcconfig"; path = "Target Support Files/Pods-KickOff/Pods-KickOff.debug.xcconfig"; sourceTree = "<group>"; };
		2A52182C4922D88A9B9989AB /* Pods-KickOff.release.xcconfig */ = {isa = PBXFileReference; includeInIndex = 1; lastKnownFileType = text.xcconfig; name = "Pods-KickOff.release.xcconfig"; path = "Target Support Files/Pods-KickOff/Pods-KickOff.release.xcconfig"; sourceTree = "<group>"; };
		3FC9A0B83BFCC45153C9895C /* Pods_KickOff.framework */ = {isa = PBXFileReference; explicitFileType = wrapper.framework; includeInIndex = 0; path = Pods_KickOff.framework; sourceTree = BUILT_PRODUCTS_DIR; };
		9D47086B2DF0927D0006587D /* en */ = {isa = PBXFileReference; lastKnownFileType = text.plist.strings; name = en; path = en.lproj/Localizable.strings; sourceTree = "<group>"; };
		9D4708732DF093790006587D /* ar */ = {isa = PBXFileReference; lastKnownFileType = text.plist.strings; name = ar; path = ar.lproj/Localizable.strings; sourceTree = "<group>"; };
		9D4708742DF093840006587D /* es */ = {isa = PBXFileReference; lastKnownFileType = text.plist.strings; name = es; path = es.lproj/Localizable.strings; sourceTree = "<group>"; };
		9D4708972DF1BA360006587D /* EmptyCell.swift */ = {isa = PBXFileReference; fileEncoding = 4; lastKnownFileType = sourcecode.swift; path = EmptyCell.swift; sourceTree = "<group>"; };
		9D4708982DF1BA360006587D /* TennisGameCell.xib */ = {isa = PBXFileReference; fileEncoding = 4; lastKnownFileType = file.xib; path = TennisGameCell.xib; sourceTree = "<group>"; };
		9D4708992DF1BA360006587D /* LastMatchCell.swift */ = {isa = PBXFileReference; fileEncoding = 4; lastKnownFileType = sourcecode.swift; path = LastMatchCell.swift; sourceTree = "<group>"; };
		9D47089D2DF1BA360006587D /* Base */ = {isa = PBXFileReference; lastKnownFileType = file.xib; name = Base; path = Base.lproj/EmptyCell.xib; sourceTree = "<group>"; };
		9D47089E2DF1BA360006587D /* TeamCell.xib */ = {isa = PBXFileReference; fileEncoding = 4; lastKnownFileType = file.xib; path = TeamCell.xib; sourceTree = "<group>"; };
		9D47089F2DF1BA360006587D /* UpcomingMatchCell.xib */ = {isa = PBXFileReference; fileEncoding = 4; lastKnownFileType = file.xib; path = UpcomingMatchCell.xib; sourceTree = "<group>"; };
		9D4708A02DF1BA360006587D /* TeamCell.swift */ = {isa = PBXFileReference; fileEncoding = 4; lastKnownFileType = sourcecode.swift; path = TeamCell.swift; sourceTree = "<group>"; };
		9D4708A12DF1BA360006587D /* LastMatchCell.xib */ = {isa = PBXFileReference; fileEncoding = 4; lastKnownFileType = file.xib; path = LastMatchCell.xib; sourceTree = "<group>"; };
		9D4708A22DF1BA360006587D /* CricketGameCell.swift */ = {isa = PBXFileReference; fileEncoding = 4; lastKnownFileType = sourcecode.swift; path = CricketGameCell.swift; sourceTree = "<group>"; };
		9D4708A32DF1BA360006587D /* CricketGameCell.xib */ = {isa = PBXFileReference; fileEncoding = 4; lastKnownFileType = file.xib; path = CricketGameCell.xib; sourceTree = "<group>"; };
		9D4708A42DF1BA360006587D /* UpcomingMatchCell.swift */ = {isa = PBXFileReference; fileEncoding = 4; lastKnownFileType = sourcecode.swift; path = UpcomingMatchCell.swift; sourceTree = "<group>"; };
		9D4708A52DF1BA360006587D /* TennisGameCell.swift */ = {isa = PBXFileReference; fileEncoding = 4; lastKnownFileType = sourcecode.swift; path = TennisGameCell.swift; sourceTree = "<group>"; };
		9D4708A72DF1BA360006587D /* SportType.swift */ = {isa = PBXFileReference; fileEncoding = 4; lastKnownFileType = sourcecode.swift; path = SportType.swift; sourceTree = "<group>"; };
		9D4708A82DF1BA360006587D /* Endpoint.swift */ = {isa = PBXFileReference; fileEncoding = 4; lastKnownFileType = sourcecode.swift; path = Endpoint.swift; sourceTree = "<group>"; };
		9D4708AA2DF1BA360006587D /* OnboardingManager.swift */ = {isa = PBXFileReference; fileEncoding = 4; lastKnownFileType = sourcecode.swift; path = OnboardingManager.swift; sourceTree = "<group>"; };
		9D4708AB2DF1BA360006587D /* FormatUtils.swift */ = {isa = PBXFileReference; fileEncoding = 4; lastKnownFileType = sourcecode.swift; path = FormatUtils.swift; sourceTree = "<group>"; };
		9D4708AC2DF1BA360006587D /* NetworkManager.swift */ = {isa = PBXFileReference; fileEncoding = 4; lastKnownFileType = sourcecode.swift; path = NetworkManager.swift; sourceTree = "<group>"; };
		9D4708AD2DF1BA360006587D /* DateUtils.swift */ = {isa = PBXFileReference; fileEncoding = 4; lastKnownFileType = sourcecode.swift; path = DateUtils.swift; sourceTree = "<group>"; };
		9D4708AE2DF1BA360006587D /* LangManager.swift */ = {isa = PBXFileReference; fileEncoding = 4; lastKnownFileType = sourcecode.swift; path = LangManager.swift; sourceTree = "<group>"; };
		9D4708B02DF1BA360006587D /* SectionHeaderView.swift */ = {isa = PBXFileReference; fileEncoding = 4; lastKnownFileType = sourcecode.swift; path = SectionHeaderView.swift; sourceTree = "<group>"; };
		9D4708B12DF1BA360006587D /* LoadingIndicatorUtil.swift */ = {isa = PBXFileReference; fileEncoding = 4; lastKnownFileType = sourcecode.swift; path = LoadingIndicatorUtil.swift; sourceTree = "<group>"; };
		9D4708B22DF1BA360006587D /* AlertManager.swift */ = {isa = PBXFileReference; fileEncoding = 4; lastKnownFileType = sourcecode.swift; path = AlertManager.swift; sourceTree = "<group>"; };
		9D4708B32DF1BA360006587D /* EmptySectionView.swift */ = {isa = PBXFileReference; fileEncoding = 4; lastKnownFileType = sourcecode.swift; path = EmptySectionView.swift; sourceTree = "<group>"; };
		9D4708B52DF1BA370006587D /* LeagueResponse.swift */ = {isa = PBXFileReference; fileEncoding = 4; lastKnownFileType = sourcecode.swift; path = LeagueResponse.swift; sourceTree = "<group>"; };
		9D4708B62DF1BA370006587D /* TeamsResponse.swift */ = {isa = PBXFileReference; fileEncoding = 4; lastKnownFileType = sourcecode.swift; path = TeamsResponse.swift; sourceTree = "<group>"; };
		9D4708B72DF1BA370006587D /* Team.swift */ = {isa = PBXFileReference; fileEncoding = 4; lastKnownFileType = sourcecode.swift; path = Team.swift; sourceTree = "<group>"; };
		9D4708B82DF1BA370006587D /* League.swift */ = {isa = PBXFileReference; fileEncoding = 4; lastKnownFileType = sourcecode.swift; path = League.swift; sourceTree = "<group>"; };
		9D4708BA2DF1BA370006587D /* LocalDataSource.swift */ = {isa = PBXFileReference; fileEncoding = 4; lastKnownFileType = sourcecode.swift; path = LocalDataSource.swift; sourceTree = "<group>"; };
		9D4708BC2DF1BA370006587D /* RemoteDataSource.swift */ = {isa = PBXFileReference; fileEncoding = 4; lastKnownFileType = sourcecode.swift; path = RemoteDataSource.swift; sourceTree = "<group>"; };
		9D4708DE2DF1BA9F0006587D /* HomeCollectionViewCell.swift */ = {isa = PBXFileReference; fileEncoding = 4; lastKnownFileType = sourcecode.swift; path = HomeCollectionViewCell.swift; sourceTree = "<group>"; };
		9D4708DF2DF1BA9F0006587D /* HomeCollectionViewController.swift */ = {isa = PBXFileReference; fileEncoding = 4; lastKnownFileType = sourcecode.swift; path = HomeCollectionViewController.swift; sourceTree = "<group>"; };
		9D4708E02DF1BA9F0006587D /* Home.storyboard */ = {isa = PBXFileReference; fileEncoding = 4; lastKnownFileType = file.storyboard; path = Home.storyboard; sourceTree = "<group>"; };
		9D4708E12DF1BA9F0006587D /* HomeCollectionViewCell.xib */ = {isa = PBXFileReference; fileEncoding = 4; lastKnownFileType = file.xib; path = HomeCollectionViewCell.xib; sourceTree = "<group>"; };
		9D4708E42DF1BA9F0006587D /* SplashPresenter.swift */ = {isa = PBXFileReference; fileEncoding = 4; lastKnownFileType = sourcecode.swift; path = SplashPresenter.swift; sourceTree = "<group>"; };
		9D4708E72DF1BA9F0006587D /* ar */ = {isa = PBXFileReference; lastKnownFileType = text.plist.strings; name = ar; path = ar.lproj/Main.strings; sourceTree = "<group>"; };
		9D4708E82DF1BA9F0006587D /* ViewController.swift */ = {isa = PBXFileReference; fileEncoding = 4; lastKnownFileType = sourcecode.swift; path = ViewController.swift; sourceTree = "<group>"; };
		9D4708E92DF1BA9F0006587D /* es */ = {isa = PBXFileReference; lastKnownFileType = text.plist.strings; name = es; path = es.lproj/Main.strings; sourceTree = "<group>"; };
		9D4708EB2DF1BA9F0006587D /* Base */ = {isa = PBXFileReference; lastKnownFileType = file.storyboard; name = Base; path = Base.lproj/Main.storyboard; sourceTree = "<group>"; };
		9D4708EC2DF1BA9F0006587D /* TestViewController.swift */ = {isa = PBXFileReference; fileEncoding = 4; lastKnownFileType = sourcecode.swift; path = TestViewController.swift; sourceTree = "<group>"; };
		9D4708EF2DF1BA9F0006587D /* FavPresenter.swift */ = {isa = PBXFileReference; fileEncoding = 4; lastKnownFileType = sourcecode.swift; path = FavPresenter.swift; sourceTree = "<group>"; };
		9D4708F12DF1BA9F0006587D /* LocalLeague.swift */ = {isa = PBXFileReference; fileEncoding = 4; lastKnownFileType = sourcecode.swift; path = LocalLeague.swift; sourceTree = "<group>"; };
		9D4708F32DF1BA9F0006587D /* FavViewController.swift */ = {isa = PBXFileReference; fileEncoding = 4; lastKnownFileType = sourcecode.swift; path = FavViewController.swift; sourceTree = "<group>"; };
		9D4708F62DF1BA9F0006587D /* LeaugeDetailsPresenter.swift */ = {isa = PBXFileReference; fileEncoding = 4; lastKnownFileType = sourcecode.swift; path = LeaugeDetailsPresenter.swift; sourceTree = "<group>"; };
		9D4708F82DF1BA9F0006587D /* MatchesResponse.swift */ = {isa = PBXFileReference; fileEncoding = 4; lastKnownFileType = sourcecode.swift; path = MatchesResponse.swift; sourceTree = "<group>"; };
		9D4708F92DF1BA9F0006587D /* Match.swift */ = {isa = PBXFileReference; fileEncoding = 4; lastKnownFileType = sourcecode.swift; path = Match.swift; sourceTree = "<group>"; };
		9D4708FB2DF1BA9F0006587D /* Remote.swift */ = {isa = PBXFileReference; fileEncoding = 4; lastKnownFileType = sourcecode.swift; path = Remote.swift; sourceTree = "<group>"; };
		9D4708FD2DF1BA9F0006587D /* LeagueDetails.storyboard */ = {isa = PBXFileReference; fileEncoding = 4; lastKnownFileType = file.storyboard; path = LeagueDetails.storyboard; sourceTree = "<group>"; };
		9D4708FE2DF1BA9F0006587D /* LeagueDetailsViewController.swift */ = {isa = PBXFileReference; fileEncoding = 4; lastKnownFileType = sourcecode.swift; path = LeagueDetailsViewController.swift; sourceTree = "<group>"; };
		9D4709012DF1BA9F0006587D /* LeaguesPresenter.swift */ = {isa = PBXFileReference; fileEncoding = 4; lastKnownFileType = sourcecode.swift; path = LeaguesPresenter.swift; sourceTree = "<group>"; };
		9D4709032DF1BA9F0006587D /* LeaguesTableViewCell.swift */ = {isa = PBXFileReference; fileEncoding = 4; lastKnownFileType = sourcecode.swift; path = LeaguesTableViewCell.swift; sourceTree = "<group>"; };
		9D4709042DF1BA9F0006587D /* Leagues.storyboard */ = {isa = PBXFileReference; fileEncoding = 4; lastKnownFileType = file.storyboard; path = Leagues.storyboard; sourceTree = "<group>"; };
		9D4709052DF1BA9F0006587D /* LeaguesTableViewCell.xib */ = {isa = PBXFileReference; fileEncoding = 4; lastKnownFileType = file.xib; path = LeaguesTableViewCell.xib; sourceTree = "<group>"; };
		9D4709062DF1BA9F0006587D /* LeaguesViewController.swift */ = {isa = PBXFileReference; fileEncoding = 4; lastKnownFileType = sourcecode.swift; path = LeaguesViewController.swift; sourceTree = "<group>"; };
		9D4709092DF1BA9F0006587D /* TennisDetailsPresenter.swift */ = {isa = PBXFileReference; fileEncoding = 4; lastKnownFileType = sourcecode.swift; path = TennisDetailsPresenter.swift; sourceTree = "<group>"; };
		9D47090B2DF1BA9F0006587D /* TennisMatchResponse.swift */ = {isa = PBXFileReference; fileEncoding = 4; lastKnownFileType = sourcecode.swift; path = TennisMatchResponse.swift; sourceTree = "<group>"; };
		9D47090C2DF1BA9F0006587D /* TennisPlayerResponse.swift */ = {isa = PBXFileReference; fileEncoding = 4; lastKnownFileType = sourcecode.swift; path = TennisPlayerResponse.swift; sourceTree = "<group>"; };
		9D47090E2DF1BA9F0006587D /* TennisDetails.storyboard */ = {isa = PBXFileReference; fileEncoding = 4; lastKnownFileType = file.storyboard; path = TennisDetails.storyboard; sourceTree = "<group>"; };
		9D47090F2DF1BA9F0006587D /* TennisLeagueViewController.swift */ = {isa = PBXFileReference; fileEncoding = 4; lastKnownFileType = sourcecode.swift; path = TennisLeagueViewController.swift; sourceTree = "<group>"; };
		9D4709122DF1BA9F0006587D /* TeamDetailsPresenter.swift */ = {isa = PBXFileReference; fileEncoding = 4; lastKnownFileType = sourcecode.swift; path = TeamDetailsPresenter.swift; sourceTree = "<group>"; };
		9D4709142DF1BAA00006587D /* TeamDetailsViewController.swift */ = {isa = PBXFileReference; fileEncoding = 4; lastKnownFileType = sourcecode.swift; path = TeamDetailsViewController.swift; sourceTree = "<group>"; };
		9D4709152DF1BAA00006587D /* TeamDetails.storyboard */ = {isa = PBXFileReference; fileEncoding = 4; lastKnownFileType = file.storyboard; path = TeamDetails.storyboard; sourceTree = "<group>"; };
		9D4709162DF1BAA00006587D /* PlayerDetailsCell.xib */ = {isa = PBXFileReference; fileEncoding = 4; lastKnownFileType = file.xib; path = PlayerDetailsCell.xib; sourceTree = "<group>"; };
		9D4709172DF1BAA00006587D /* PlayerDetailsCell.swift */ = {isa = PBXFileReference; fileEncoding = 4; lastKnownFileType = sourcecode.swift; path = PlayerDetailsCell.swift; sourceTree = "<group>"; };
		9D47091A2DF1BAA00006587D /* OnBoardingViewController.swift */ = {isa = PBXFileReference; fileEncoding = 4; lastKnownFileType = sourcecode.swift; path = OnBoardingViewController.swift; sourceTree = "<group>"; };
		9D47091B2DF1BAA00006587D /* ContainerViewController.swift */ = {isa = PBXFileReference; fileEncoding = 4; lastKnownFileType = sourcecode.swift; path = ContainerViewController.swift; sourceTree = "<group>"; };
		9D47091E2DF1BAA00006587D /* ar */ = {isa = PBXFileReference; lastKnownFileType = text.plist.strings; name = ar; path = ar.lproj/onBoarding.strings; sourceTree = "<group>"; };
		9D47091F2DF1BAA00006587D /* en */ = {isa = PBXFileReference; lastKnownFileType = text.plist.strings; name = en; path = en.lproj/onBoarding.strings; sourceTree = "<group>"; };
		9D4709202DF1BAA00006587D /* es */ = {isa = PBXFileReference; lastKnownFileType = text.plist.strings; name = es; path = es.lproj/onBoarding.strings; sourceTree = "<group>"; };
		9D4709222DF1BAA00006587D /* mul */ = {isa = PBXFileReference; lastKnownFileType = text; name = mul; path = mul.lproj/onBoarding.xcstrings; sourceTree = "<group>"; };
		9D4709242DF1BAA00006587D /* Base */ = {isa = PBXFileReference; lastKnownFileType = file.storyboard; name = Base; path = Base.lproj/onBoarding.storyboard; sourceTree = "<group>"; };
		9D4709272DF1BAA00006587D /* CricketLeaguePresenter.swift */ = {isa = PBXFileReference; fileEncoding = 4; lastKnownFileType = sourcecode.swift; path = CricketLeaguePresenter.swift; sourceTree = "<group>"; };
		9D4709292DF1BAA00006587D /* CircketLeagueViewController.swift */ = {isa = PBXFileReference; fileEncoding = 4; lastKnownFileType = sourcecode.swift; path = CircketLeagueViewController.swift; sourceTree = "<group>"; };
		9D47092A2DF1BAA00006587D /* CricketDetails.storyboard */ = {isa = PBXFileReference; fileEncoding = 4; lastKnownFileType = file.storyboard; path = CricketDetails.storyboard; sourceTree = "<group>"; };
		9D4709562DF1BAC70006587D /* ar */ = {isa = PBXFileReference; lastKnownFileType = text.plist.strings; name = ar; path = ar.lproj/LaunchScreen.strings; sourceTree = "<group>"; };
		9D4709572DF1BAC70006587D /* es */ = {isa = PBXFileReference; lastKnownFileType = text.plist.strings; name = es; path = es.lproj/LaunchScreen.strings; sourceTree = "<group>"; };
		9D4709582DF1BAC70006587D /* Assets.xcassets */ = {isa = PBXFileReference; lastKnownFileType = folder.assetcatalog; path = Assets.xcassets; sourceTree = "<group>"; };
		9D47095A2DF1BAC70006587D /* Base */ = {isa = PBXFileReference; lastKnownFileType = file.storyboard; name = Base; path = Base.lproj/LaunchScreen.storyboard; sourceTree = "<group>"; };
		9D47095B2DF1BAC70006587D /* splash.json */ = {isa = PBXFileReference; fileEncoding = 4; lastKnownFileType = text.json; path = splash.json; sourceTree = "<group>"; };
		9D47095C2DF1BAC70006587D /* favlottie.json */ = {isa = PBXFileReference; fileEncoding = 4; lastKnownFileType = text.json; path = favlottie.json; sourceTree = "<group>"; };
		9D4709632DF1C22E0006587D /* ar */ = {isa = PBXFileReference; lastKnownFileType = text.plist.strings; name = ar; path = ar.lproj/EmptyCell.strings; sourceTree = "<group>"; };
		9D4709652DF1C22F0006587D /* en */ = {isa = PBXFileReference; lastKnownFileType = text.plist.strings; name = en; path = en.lproj/EmptyCell.strings; sourceTree = "<group>"; };
		9D4709672DF1C2310006587D /* es */ = {isa = PBXFileReference; lastKnownFileType = text.plist.strings; name = es; path = es.lproj/EmptyCell.strings; sourceTree = "<group>"; };
		9D4709692DF1C23A0006587D /* mul */ = {isa = PBXFileReference; lastKnownFileType = text.plist.strings; name = mul; path = mul.lproj/EmptyCell.strings; sourceTree = "<group>"; };
		9D5A896E2DEBEA55009F891A /* TeamDetailsPresenter.swift */ = {isa = PBXFileReference; lastKnownFileType = sourcecode.swift; path = TeamDetailsPresenter.swift; sourceTree = "<group>"; };
		9D7D3DF12DE87032000AC249 /* KickOff.app */ = {isa = PBXFileReference; explicitFileType = wrapper.application; includeInIndex = 0; path = KickOff.app; sourceTree = BUILT_PRODUCTS_DIR; };
		9D7D3DF42DE87032000AC249 /* AppDelegate.swift */ = {isa = PBXFileReference; lastKnownFileType = sourcecode.swift; path = AppDelegate.swift; sourceTree = "<group>"; };
		9D7D3DF62DE87032000AC249 /* SceneDelegate.swift */ = {isa = PBXFileReference; lastKnownFileType = sourcecode.swift; path = SceneDelegate.swift; sourceTree = "<group>"; };
		9D7D3E052DE8703F000AC249 /* Info.plist */ = {isa = PBXFileReference; lastKnownFileType = text.plist.xml; path = Info.plist; sourceTree = "<group>"; };
		9D7D3E0A2DE8703F000AC249 /* KickOffTests.xctest */ = {isa = PBXFileReference; explicitFileType = wrapper.cfbundle; includeInIndex = 0; path = KickOffTests.xctest; sourceTree = BUILT_PRODUCTS_DIR; };
		9D7D3E0E2DE87040000AC249 /* RemoteDataSourceTests.swift */ = {isa = PBXFileReference; lastKnownFileType = sourcecode.swift; path = RemoteDataSourceTests.swift; sourceTree = "<group>"; };
		9D7D3E142DE87040000AC249 /* KickOffUITests.xctest */ = {isa = PBXFileReference; explicitFileType = wrapper.cfbundle; includeInIndex = 0; path = KickOffUITests.xctest; sourceTree = BUILT_PRODUCTS_DIR; };
		9D7D3E182DE87040000AC249 /* KickOffUITests.swift */ = {isa = PBXFileReference; lastKnownFileType = sourcecode.swift; path = KickOffUITests.swift; sourceTree = "<group>"; };
		9D7D3E1A2DE87040000AC249 /* KickOffUITestsLaunchTests.swift */ = {isa = PBXFileReference; lastKnownFileType = sourcecode.swift; path = KickOffUITestsLaunchTests.swift; sourceTree = "<group>"; };
		9D85D3CF2DEDB370003C5940 /* KickOffCoreData.xcdatamodel */ = {isa = PBXFileReference; lastKnownFileType = wrapper.xcdatamodel; path = KickOffCoreData.xcdatamodel; sourceTree = "<group>"; };
		9DD7DABD2DEBD793001C7900 /* TeamDetails.storyboard */ = {isa = PBXFileReference; lastKnownFileType = file.storyboard; path = TeamDetails.storyboard; sourceTree = "<group>"; };
		9DD7DAC62DEBD793001C7900 /* PlayerDetailsCell.swift */ = {isa = PBXFileReference; lastKnownFileType = sourcecode.swift; path = PlayerDetailsCell.swift; sourceTree = "<group>"; };
		9DD7DAC72DEBD793001C7900 /* PlayerDetailsCell.xib */ = {isa = PBXFileReference; lastKnownFileType = file.xib; path = PlayerDetailsCell.xib; sourceTree = "<group>"; };
		BBBAE32B2DEF964900A9D68C /* favlottie.json */ = {isa = PBXFileReference; lastKnownFileType = text.json; name = favlottie.json; path = KickOff/Resources/favlottie.json; sourceTree = "<group>"; };
		BBC2D2E12DE8B8EA002278F1 /* splash.json */ = {isa = PBXFileReference; lastKnownFileType = text.json; name = splash.json; path = KickOff/Resources/splash.json; sourceTree = "<group>"; };
/* End PBXFileReference section */

/* Begin PBXFrameworksBuildPhase section */
		9D7D3DEE2DE87032000AC249 /* Frameworks */ = {
			isa = PBXFrameworksBuildPhase;
			buildActionMask = 2147483647;
			files = (
				0AD8766B6AA55305596B269C /* Pods_KickOff.framework in Frameworks */,
			);
			runOnlyForDeploymentPostprocessing = 0;
		};
		9D7D3E072DE8703F000AC249 /* Frameworks */ = {
			isa = PBXFrameworksBuildPhase;
			buildActionMask = 2147483647;
			files = (
			);
			runOnlyForDeploymentPostprocessing = 0;
		};
		9D7D3E112DE87040000AC249 /* Frameworks */ = {
			isa = PBXFrameworksBuildPhase;
			buildActionMask = 2147483647;
			files = (
			);
			runOnlyForDeploymentPostprocessing = 0;
		};
/* End PBXFrameworksBuildPhase section */

/* Begin PBXGroup section */
		7578BFC1DC0EBCC4002C9D3F /* Pods */ = {
			isa = PBXGroup;
			children = (
				1CF4605133D34CD14D96C747 /* Pods-KickOff.debug.xcconfig */,
				2A52182C4922D88A9B9989AB /* Pods-KickOff.release.xcconfig */,
			);
			path = Pods;
			sourceTree = "<group>";
		};
		9D4708952DF1BA360006587D /* Core */ = {
			isa = PBXGroup;
			children = (
				9D4708962DF1BA360006587D /* CustomCells */,
				9D4708A62DF1BA360006587D /* Enums */,
				9D4708A92DF1BA360006587D /* Utils */,
				9D4708B42DF1BA370006587D /* Models */,
				9D4708B92DF1BA370006587D /* Local */,
				9D4708BB2DF1BA370006587D /* Remote */,
			);
			path = Core;
			sourceTree = "<group>";
		};
		9D4708962DF1BA360006587D /* CustomCells */ = {
			isa = PBXGroup;
			children = (
				9D4708972DF1BA360006587D /* EmptyCell.swift */,
				9D4708982DF1BA360006587D /* TennisGameCell.xib */,
				9D4708992DF1BA360006587D /* LastMatchCell.swift */,
				9D47089C2DF1BA360006587D /* EmptyCell.xib */,
				9D47089E2DF1BA360006587D /* TeamCell.xib */,
				9D47089F2DF1BA360006587D /* UpcomingMatchCell.xib */,
				9D4708A02DF1BA360006587D /* TeamCell.swift */,
				9D4708A12DF1BA360006587D /* LastMatchCell.xib */,
				9D4708A22DF1BA360006587D /* CricketGameCell.swift */,
				9D4708A32DF1BA360006587D /* CricketGameCell.xib */,
				9D4708A42DF1BA360006587D /* UpcomingMatchCell.swift */,
				9D4708A52DF1BA360006587D /* TennisGameCell.swift */,
			);
			path = CustomCells;
			sourceTree = "<group>";
		};
		9D4708A62DF1BA360006587D /* Enums */ = {
			isa = PBXGroup;
			children = (
				9D4708A72DF1BA360006587D /* SportType.swift */,
				9D4708A82DF1BA360006587D /* Endpoint.swift */,
			);
			path = Enums;
			sourceTree = "<group>";
		};
		9D4708A92DF1BA360006587D /* Utils */ = {
			isa = PBXGroup;
			children = (
				9D4708AA2DF1BA360006587D /* OnboardingManager.swift */,
				9D4708AB2DF1BA360006587D /* FormatUtils.swift */,
				9D4708AC2DF1BA360006587D /* NetworkManager.swift */,
				9D4708AD2DF1BA360006587D /* DateUtils.swift */,
				9D4708AE2DF1BA360006587D /* LangManager.swift */,
				9D4708AF2DF1BA360006587D /* ViewUtils */,
			);
			path = Utils;
			sourceTree = "<group>";
		};
		9D4708AF2DF1BA360006587D /* ViewUtils */ = {
			isa = PBXGroup;
			children = (
				9D4708B02DF1BA360006587D /* SectionHeaderView.swift */,
				9D4708B12DF1BA360006587D /* LoadingIndicatorUtil.swift */,
				9D4708B22DF1BA360006587D /* AlertManager.swift */,
				9D4708B32DF1BA360006587D /* EmptySectionView.swift */,
			);
			path = ViewUtils;
			sourceTree = "<group>";
		};
		9D4708B42DF1BA370006587D /* Models */ = {
			isa = PBXGroup;
			children = (
				9D4708B52DF1BA370006587D /* LeagueResponse.swift */,
				9D4708B62DF1BA370006587D /* TeamsResponse.swift */,
				9D4708B72DF1BA370006587D /* Team.swift */,
				9D4708B82DF1BA370006587D /* League.swift */,
			);
			path = Models;
			sourceTree = "<group>";
		};
		9D4708B92DF1BA370006587D /* Local */ = {
			isa = PBXGroup;
			children = (
				9D4708BA2DF1BA370006587D /* LocalDataSource.swift */,
			);
			path = Local;
			sourceTree = "<group>";
		};
		9D4708BB2DF1BA370006587D /* Remote */ = {
			isa = PBXGroup;
			children = (
				9D4708BC2DF1BA370006587D /* RemoteDataSource.swift */,
			);
			path = Remote;
			sourceTree = "<group>";
		};
		9D4708DB2DF1BA9F0006587D /* Features */ = {
			isa = PBXGroup;
			children = (
				9D4708DC2DF1BA9F0006587D /* Home */,
				9D4708E22DF1BA9F0006587D /* Splash */,
				9D4708ED2DF1BA9F0006587D /* FavouriteLeagues */,
				9D4708F42DF1BA9F0006587D /* LeagueDetails */,
				9D4708FF2DF1BA9F0006587D /* Leagues */,
				9D4709072DF1BA9F0006587D /* TennisLeagueDetails */,
				9D4709102DF1BA9F0006587D /* TeamDetails */,
				9D4709182DF1BAA00006587D /* OnBoarding */,
				9D4709252DF1BAA00006587D /* CricketLeagueDetails */,
			);
			path = Features;
			sourceTree = "<group>";
		};
		9D4708DC2DF1BA9F0006587D /* Home */ = {
			isa = PBXGroup;
			children = (
				9D4708DD2DF1BA9F0006587D /* View */,
			);
			path = Home;
			sourceTree = "<group>";
		};
		9D4708DD2DF1BA9F0006587D /* View */ = {
			isa = PBXGroup;
			children = (
				9D4708DE2DF1BA9F0006587D /* HomeCollectionViewCell.swift */,
				9D4708DF2DF1BA9F0006587D /* HomeCollectionViewController.swift */,
				9D4708E02DF1BA9F0006587D /* Home.storyboard */,
				9D4708E12DF1BA9F0006587D /* HomeCollectionViewCell.xib */,
			);
			path = View;
			sourceTree = "<group>";
		};
		9D4708E22DF1BA9F0006587D /* Splash */ = {
			isa = PBXGroup;
			children = (
				9D4708E32DF1BA9F0006587D /* Presenter */,
				9D4708E52DF1BA9F0006587D /* View */,
			);
			path = Splash;
			sourceTree = "<group>";
		};
		9D4708E32DF1BA9F0006587D /* Presenter */ = {
			isa = PBXGroup;
			children = (
				9D4708E42DF1BA9F0006587D /* SplashPresenter.swift */,
			);
			path = Presenter;
			sourceTree = "<group>";
		};
		9D4708E52DF1BA9F0006587D /* View */ = {
			isa = PBXGroup;
			children = (
				9D4708E62DF1BA9F0006587D /* Main.strings */,
				9D4708E82DF1BA9F0006587D /* ViewController.swift */,
				9D4708EA2DF1BA9F0006587D /* Main.storyboard */,
				9D4708EC2DF1BA9F0006587D /* TestViewController.swift */,
			);
			path = View;
			sourceTree = "<group>";
		};
		9D4708ED2DF1BA9F0006587D /* FavouriteLeagues */ = {
			isa = PBXGroup;
			children = (
				9D4708EE2DF1BA9F0006587D /* presenter */,
				9D4708F02DF1BA9F0006587D /* Model */,
				9D4708F22DF1BA9F0006587D /* View */,
			);
			path = FavouriteLeagues;
			sourceTree = "<group>";
		};
		9D4708EE2DF1BA9F0006587D /* presenter */ = {
			isa = PBXGroup;
			children = (
				9D4708EF2DF1BA9F0006587D /* FavPresenter.swift */,
			);
			path = presenter;
			sourceTree = "<group>";
		};
		9D4708F02DF1BA9F0006587D /* Model */ = {
			isa = PBXGroup;
			children = (
				9D4708F12DF1BA9F0006587D /* LocalLeague.swift */,
			);
			path = Model;
			sourceTree = "<group>";
		};
		9D4708F22DF1BA9F0006587D /* View */ = {
			isa = PBXGroup;
			children = (
				9D4708F32DF1BA9F0006587D /* FavViewController.swift */,
			);
			path = View;
			sourceTree = "<group>";
		};
		9D4708F42DF1BA9F0006587D /* LeagueDetails */ = {
			isa = PBXGroup;
			children = (
				9D4708F52DF1BA9F0006587D /* Presenter */,
				9D4708F72DF1BA9F0006587D /* Model */,
				9D4708FC2DF1BA9F0006587D /* View */,
			);
			path = LeagueDetails;
			sourceTree = "<group>";
		};
		9D4708F52DF1BA9F0006587D /* Presenter */ = {
			isa = PBXGroup;
			children = (
				9D4708F62DF1BA9F0006587D /* LeaugeDetailsPresenter.swift */,
			);
			path = Presenter;
			sourceTree = "<group>";
		};
		9D4708F72DF1BA9F0006587D /* Model */ = {
			isa = PBXGroup;
			children = (
				9D4708F82DF1BA9F0006587D /* MatchesResponse.swift */,
				9D4708F92DF1BA9F0006587D /* Match.swift */,
				9D4708FA2DF1BA9F0006587D /* Services */,
			);
			path = Model;
			sourceTree = "<group>";
		};
		9D4708FA2DF1BA9F0006587D /* Services */ = {
			isa = PBXGroup;
			children = (
				9D4708FB2DF1BA9F0006587D /* Remote.swift */,
			);
			path = Services;
			sourceTree = "<group>";
		};
		9D4708FC2DF1BA9F0006587D /* View */ = {
			isa = PBXGroup;
			children = (
				9D4708FD2DF1BA9F0006587D /* LeagueDetails.storyboard */,
				9D4708FE2DF1BA9F0006587D /* LeagueDetailsViewController.swift */,
			);
			path = View;
			sourceTree = "<group>";
		};
		9D4708FF2DF1BA9F0006587D /* Leagues */ = {
			isa = PBXGroup;
			children = (
				9D4709002DF1BA9F0006587D /* Presenter */,
				9D4709022DF1BA9F0006587D /* View */,
			);
			path = Leagues;
			sourceTree = "<group>";
		};
		9D4709002DF1BA9F0006587D /* Presenter */ = {
			isa = PBXGroup;
			children = (
				9D4709012DF1BA9F0006587D /* LeaguesPresenter.swift */,
			);
			path = Presenter;
			sourceTree = "<group>";
		};
		9D4709022DF1BA9F0006587D /* View */ = {
			isa = PBXGroup;
			children = (
				9D4709032DF1BA9F0006587D /* LeaguesTableViewCell.swift */,
				9D4709042DF1BA9F0006587D /* Leagues.storyboard */,
				9D4709052DF1BA9F0006587D /* LeaguesTableViewCell.xib */,
				9D4709062DF1BA9F0006587D /* LeaguesViewController.swift */,
			);
			path = View;
			sourceTree = "<group>";
		};
		9D4709072DF1BA9F0006587D /* TennisLeagueDetails */ = {
			isa = PBXGroup;
			children = (
				9D4709082DF1BA9F0006587D /* Presenter */,
				9D47090A2DF1BA9F0006587D /* Model */,
				9D47090D2DF1BA9F0006587D /* View */,
			);
			path = TennisLeagueDetails;
			sourceTree = "<group>";
		};
		9D4709082DF1BA9F0006587D /* Presenter */ = {
			isa = PBXGroup;
			children = (
				9D4709092DF1BA9F0006587D /* TennisDetailsPresenter.swift */,
			);
			path = Presenter;
			sourceTree = "<group>";
		};
		9D47090A2DF1BA9F0006587D /* Model */ = {
			isa = PBXGroup;
			children = (
				9D47090B2DF1BA9F0006587D /* TennisMatchResponse.swift */,
				9D47090C2DF1BA9F0006587D /* TennisPlayerResponse.swift */,
			);
			path = Model;
			sourceTree = "<group>";
		};
		9D47090D2DF1BA9F0006587D /* View */ = {
			isa = PBXGroup;
			children = (
				9D47090E2DF1BA9F0006587D /* TennisDetails.storyboard */,
				9D47090F2DF1BA9F0006587D /* TennisLeagueViewController.swift */,
			);
			path = View;
			sourceTree = "<group>";
		};
		9D4709102DF1BA9F0006587D /* TeamDetails */ = {
			isa = PBXGroup;
			children = (
				9D4709112DF1BA9F0006587D /* Presenter */,
				9D4709132DF1BAA00006587D /* View */,
			);
			path = TeamDetails;
			sourceTree = "<group>";
		};
		9D4709112DF1BA9F0006587D /* Presenter */ = {
			isa = PBXGroup;
			children = (
				9D4709122DF1BA9F0006587D /* TeamDetailsPresenter.swift */,
			);
			path = Presenter;
			sourceTree = "<group>";
		};
		9D4709132DF1BAA00006587D /* View */ = {
			isa = PBXGroup;
			children = (
				9D4709142DF1BAA00006587D /* TeamDetailsViewController.swift */,
				9D4709152DF1BAA00006587D /* TeamDetails.storyboard */,
				9D4709162DF1BAA00006587D /* PlayerDetailsCell.xib */,
				9D4709172DF1BAA00006587D /* PlayerDetailsCell.swift */,
			);
			path = View;
			sourceTree = "<group>";
		};
		9D4709182DF1BAA00006587D /* OnBoarding */ = {
			isa = PBXGroup;
			children = (
				9D4709192DF1BAA00006587D /* Controller */,
				9D47091C2DF1BAA00006587D /* View */,
			);
			path = OnBoarding;
			sourceTree = "<group>";
		};
		9D4709192DF1BAA00006587D /* Controller */ = {
			isa = PBXGroup;
			children = (
				9D47091A2DF1BAA00006587D /* OnBoardingViewController.swift */,
				9D47091B2DF1BAA00006587D /* ContainerViewController.swift */,
			);
			path = Controller;
			sourceTree = "<group>";
		};
		9D47091C2DF1BAA00006587D /* View */ = {
			isa = PBXGroup;
			children = (
				9D47091D2DF1BAA00006587D /* onBoarding.strings */,
				9D4709212DF1BAA00006587D /* onBoarding.xcstrings */,
				9D4709232DF1BAA00006587D /* onBoarding.storyboard */,
			);
			path = View;
			sourceTree = "<group>";
		};
		9D4709252DF1BAA00006587D /* CricketLeagueDetails */ = {
			isa = PBXGroup;
			children = (
				9D4709262DF1BAA00006587D /* Presenter */,
				9D4709282DF1BAA00006587D /* View */,
			);
			path = CricketLeagueDetails;
			sourceTree = "<group>";
		};
		9D4709262DF1BAA00006587D /* Presenter */ = {
			isa = PBXGroup;
			children = (
				9D4709272DF1BAA00006587D /* CricketLeaguePresenter.swift */,
			);
			path = Presenter;
			sourceTree = "<group>";
		};
		9D4709282DF1BAA00006587D /* View */ = {
			isa = PBXGroup;
			children = (
				9D4709292DF1BAA00006587D /* CircketLeagueViewController.swift */,
				9D47092A2DF1BAA00006587D /* CricketDetails.storyboard */,
			);
			path = View;
			sourceTree = "<group>";
		};
		9D4709542DF1BAC70006587D /* Resources */ = {
			isa = PBXGroup;
			children = (
				9D4709552DF1BAC70006587D /* LaunchScreen.strings */,
				9D4709582DF1BAC70006587D /* Assets.xcassets */,
				9D4709592DF1BAC70006587D /* LaunchScreen.storyboard */,
				9D47095B2DF1BAC70006587D /* splash.json */,
				9D47095C2DF1BAC70006587D /* favlottie.json */,
			);
			path = Resources;
			sourceTree = "<group>";
		};
		9D7D3DE82DE87032000AC249 = {
			isa = PBXGroup;
			children = (
				9D47086A2DF0927D0006587D /* Localizable.strings */,
				BBBAE32B2DEF964900A9D68C /* favlottie.json */,
				BBC2D2E12DE8B8EA002278F1 /* splash.json */,
				9D7D3DF32DE87032000AC249 /* KickOff */,
				9D7D3E0D2DE8703F000AC249 /* KickOffTests */,
				9D7D3E172DE87040000AC249 /* KickOffUITests */,
				9D7D3DF22DE87032000AC249 /* Products */,
				7578BFC1DC0EBCC4002C9D3F /* Pods */,
				9DB35F2649016324CE3A3C01 /* Frameworks */,
				BB6D2E3B2DECA36C00BB282E /* Recovered References */,
			);
			sourceTree = "<group>";
		};
		9D7D3DF22DE87032000AC249 /* Products */ = {
			isa = PBXGroup;
			children = (
				9D7D3DF12DE87032000AC249 /* KickOff.app */,
				9D7D3E0A2DE8703F000AC249 /* KickOffTests.xctest */,
				9D7D3E142DE87040000AC249 /* KickOffUITests.xctest */,
			);
			name = Products;
			sourceTree = "<group>";
		};
		9D7D3DF32DE87032000AC249 /* KickOff */ = {
			isa = PBXGroup;
			children = (
				9D4709542DF1BAC70006587D /* Resources */,
				9D4708DB2DF1BA9F0006587D /* Features */,
				9D4708952DF1BA360006587D /* Core */,
				BBC2D2CE2DE89BD9002278F1 /* App */,
				9D7D3E052DE8703F000AC249 /* Info.plist */,
				9D85D3CE2DEDB370003C5940 /* KickOffCoreData.xcdatamodeld */,
			);
			path = KickOff;
			sourceTree = "<group>";
		};
		9D7D3E0D2DE8703F000AC249 /* KickOffTests */ = {
			isa = PBXGroup;
			children = (
				9D7D3E0E2DE87040000AC249 /* RemoteDataSourceTests.swift */,
			);
			path = KickOffTests;
			sourceTree = "<group>";
		};
		9D7D3E172DE87040000AC249 /* KickOffUITests */ = {
			isa = PBXGroup;
			children = (
				9D7D3E182DE87040000AC249 /* KickOffUITests.swift */,
				9D7D3E1A2DE87040000AC249 /* KickOffUITestsLaunchTests.swift */,
			);
			path = KickOffUITests;
			sourceTree = "<group>";
		};
		9DB35F2649016324CE3A3C01 /* Frameworks */ = {
			isa = PBXGroup;
			children = (
				3FC9A0B83BFCC45153C9895C /* Pods_KickOff.framework */,
			);
			name = Frameworks;
			sourceTree = "<group>";
		};
		BB6D2E3B2DECA36C00BB282E /* Recovered References */ = {
			isa = PBXGroup;
			children = (
				9DD7DAC62DEBD793001C7900 /* PlayerDetailsCell.swift */,
				9D5A896E2DEBEA55009F891A /* TeamDetailsPresenter.swift */,
				9DD7DABD2DEBD793001C7900 /* TeamDetails.storyboard */,
				9DD7DAC72DEBD793001C7900 /* PlayerDetailsCell.xib */,
			);
			name = "Recovered References";
			sourceTree = "<group>";
		};
		BBC2D2CE2DE89BD9002278F1 /* App */ = {
			isa = PBXGroup;
			children = (
				9D7D3DF42DE87032000AC249 /* AppDelegate.swift */,
				9D7D3DF62DE87032000AC249 /* SceneDelegate.swift */,
			);
			path = App;
			sourceTree = "<group>";
		};
/* End PBXGroup section */

/* Begin PBXNativeTarget section */
		9D7D3DF02DE87032000AC249 /* KickOff */ = {
			isa = PBXNativeTarget;
			buildConfigurationList = 9D7D3E1E2DE87040000AC249 /* Build configuration list for PBXNativeTarget "KickOff" */;
			buildPhases = (
				51E625876ECEBF562338BB29 /* [CP] Check Pods Manifest.lock */,
				9D7D3DED2DE87032000AC249 /* Sources */,
				9D7D3DEE2DE87032000AC249 /* Frameworks */,
				9D7D3DEF2DE87032000AC249 /* Resources */,
				CD63B706CBFB301CE3927395 /* [CP] Embed Pods Frameworks */,
			);
			buildRules = (
			);
			dependencies = (
			);
			name = KickOff;
			productName = KickOff;
			productReference = 9D7D3DF12DE87032000AC249 /* KickOff.app */;
			productType = "com.apple.product-type.application";
		};
		9D7D3E092DE8703F000AC249 /* KickOffTests */ = {
			isa = PBXNativeTarget;
			buildConfigurationList = 9D7D3E212DE87040000AC249 /* Build configuration list for PBXNativeTarget "KickOffTests" */;
			buildPhases = (
				9D7D3E062DE8703F000AC249 /* Sources */,
				9D7D3E072DE8703F000AC249 /* Frameworks */,
				9D7D3E082DE8703F000AC249 /* Resources */,
			);
			buildRules = (
			);
			dependencies = (
				9D7D3E0C2DE8703F000AC249 /* PBXTargetDependency */,
			);
			name = KickOffTests;
			productName = KickOffTests;
			productReference = 9D7D3E0A2DE8703F000AC249 /* KickOffTests.xctest */;
			productType = "com.apple.product-type.bundle.unit-test";
		};
		9D7D3E132DE87040000AC249 /* KickOffUITests */ = {
			isa = PBXNativeTarget;
			buildConfigurationList = 9D7D3E242DE87040000AC249 /* Build configuration list for PBXNativeTarget "KickOffUITests" */;
			buildPhases = (
				9D7D3E102DE87040000AC249 /* Sources */,
				9D7D3E112DE87040000AC249 /* Frameworks */,
				9D7D3E122DE87040000AC249 /* Resources */,
			);
			buildRules = (
			);
			dependencies = (
				9D7D3E162DE87040000AC249 /* PBXTargetDependency */,
			);
			name = KickOffUITests;
			productName = KickOffUITests;
			productReference = 9D7D3E142DE87040000AC249 /* KickOffUITests.xctest */;
			productType = "com.apple.product-type.bundle.ui-testing";
		};
/* End PBXNativeTarget section */

/* Begin PBXProject section */
		9D7D3DE92DE87032000AC249 /* Project object */ = {
			isa = PBXProject;
			attributes = {
				BuildIndependentTargetsInParallel = 1;
				LastSwiftUpdateCheck = 1430;
				LastUpgradeCheck = 1430;
				TargetAttributes = {
					9D7D3DF02DE87032000AC249 = {
						CreatedOnToolsVersion = 14.3.1;
					};
					9D7D3E092DE8703F000AC249 = {
						CreatedOnToolsVersion = 14.3.1;
						TestTargetID = 9D7D3DF02DE87032000AC249;
					};
					9D7D3E132DE87040000AC249 = {
						CreatedOnToolsVersion = 14.3.1;
						TestTargetID = 9D7D3DF02DE87032000AC249;
					};
				};
			};
			buildConfigurationList = 9D7D3DEC2DE87032000AC249 /* Build configuration list for PBXProject "KickOff" */;
			compatibilityVersion = "Xcode 14.0";
			developmentRegion = en;
			hasScannedForEncodings = 0;
			knownRegions = (
				en,
				Base,
				mul,
				ar,
				es,
			);
			mainGroup = 9D7D3DE82DE87032000AC249;
			productRefGroup = 9D7D3DF22DE87032000AC249 /* Products */;
			projectDirPath = "";
			projectRoot = "";
			targets = (
				9D7D3DF02DE87032000AC249 /* KickOff */,
				9D7D3E092DE8703F000AC249 /* KickOffTests */,
				9D7D3E132DE87040000AC249 /* KickOffUITests */,
			);
		};
/* End PBXProject section */

/* Begin PBXResourcesBuildPhase section */
		9D7D3DEF2DE87032000AC249 /* Resources */ = {
			isa = PBXResourcesBuildPhase;
			buildActionMask = 2147483647;
			files = (
				9D47095F2DF1BAC70006587D /* LaunchScreen.storyboard in Resources */,
				9D47094E2DF1BAA00006587D /* onBoarding.strings in Resources */,
				9D4709602DF1BAC70006587D /* splash.json in Resources */,
				9D4709612DF1BAC70006587D /* favlottie.json in Resources */,
				9D4708C12DF1BA370006587D /* EmptyCell.xib in Resources */,
				9D47095D2DF1BAC70006587D /* LaunchScreen.strings in Resources */,
				9D4709402DF1BAA00006587D /* LeaguesTableViewCell.xib in Resources */,
				9D47092D2DF1BAA00006587D /* Home.storyboard in Resources */,
				9D47095E2DF1BAC70006587D /* Assets.xcassets in Resources */,
				9D47086C2DF0927D0006587D /* Localizable.strings in Resources */,
				9D4708C72DF1BA370006587D /* CricketGameCell.xib in Resources */,
				BBBAE32C2DEF964A00A9D68C /* favlottie.json in Resources */,
				9D47094A2DF1BAA00006587D /* PlayerDetailsCell.xib in Resources */,
				BBC2D2E22DE8B8EB002278F1 /* splash.json in Resources */,
				9D47094F2DF1BAA00006587D /* onBoarding.xcstrings in Resources */,
				9D4708C52DF1BA370006587D /* LastMatchCell.xib in Resources */,
				9D4709502DF1BAA00006587D /* onBoarding.storyboard in Resources */,
				9D4709452DF1BAA00006587D /* TennisDetails.storyboard in Resources */,
				9D4709532DF1BAA00006587D /* CricketDetails.storyboard in Resources */,
				9D4709302DF1BAA00006587D /* Main.strings in Resources */,
				9D4708BE2DF1BA370006587D /* TennisGameCell.xib in Resources */,
				9D47093F2DF1BAA00006587D /* Leagues.storyboard in Resources */,
				9D4709322DF1BAA00006587D /* Main.storyboard in Resources */,
				9D4708C32DF1BA370006587D /* UpcomingMatchCell.xib in Resources */,
				9D4709492DF1BAA00006587D /* TeamDetails.storyboard in Resources */,
				9D47092E2DF1BAA00006587D /* HomeCollectionViewCell.xib in Resources */,
				9D4708C22DF1BA370006587D /* TeamCell.xib in Resources */,
				9D47093B2DF1BAA00006587D /* LeagueDetails.storyboard in Resources */,
			);
			runOnlyForDeploymentPostprocessing = 0;
		};
		9D7D3E082DE8703F000AC249 /* Resources */ = {
			isa = PBXResourcesBuildPhase;
			buildActionMask = 2147483647;
			files = (
			);
			runOnlyForDeploymentPostprocessing = 0;
		};
		9D7D3E122DE87040000AC249 /* Resources */ = {
			isa = PBXResourcesBuildPhase;
			buildActionMask = 2147483647;
			files = (
			);
			runOnlyForDeploymentPostprocessing = 0;
		};
/* End PBXResourcesBuildPhase section */

/* Begin PBXShellScriptBuildPhase section */
		51E625876ECEBF562338BB29 /* [CP] Check Pods Manifest.lock */ = {
			isa = PBXShellScriptBuildPhase;
			buildActionMask = 2147483647;
			files = (
			);
			inputFileListPaths = (
			);
			inputPaths = (
				"${PODS_PODFILE_DIR_PATH}/Podfile.lock",
				"${PODS_ROOT}/Manifest.lock",
			);
			name = "[CP] Check Pods Manifest.lock";
			outputFileListPaths = (
			);
			outputPaths = (
				"$(DERIVED_FILE_DIR)/Pods-KickOff-checkManifestLockResult.txt",
			);
			runOnlyForDeploymentPostprocessing = 0;
			shellPath = /bin/sh;
			shellScript = "diff \"${PODS_PODFILE_DIR_PATH}/Podfile.lock\" \"${PODS_ROOT}/Manifest.lock\" > /dev/null\nif [ $? != 0 ] ; then\n    # print error to STDERR\n    echo \"error: The sandbox is not in sync with the Podfile.lock. Run 'pod install' or update your CocoaPods installation.\" >&2\n    exit 1\nfi\n# This output is used by Xcode 'outputs' to avoid re-running this script phase.\necho \"SUCCESS\" > \"${SCRIPT_OUTPUT_FILE_0}\"\n";
			showEnvVarsInLog = 0;
		};
		CD63B706CBFB301CE3927395 /* [CP] Embed Pods Frameworks */ = {
			isa = PBXShellScriptBuildPhase;
			buildActionMask = 2147483647;
			files = (
			);
			inputFileListPaths = (
				"${PODS_ROOT}/Target Support Files/Pods-KickOff/Pods-KickOff-frameworks-${CONFIGURATION}-input-files.xcfilelist",
			);
			name = "[CP] Embed Pods Frameworks";
			outputFileListPaths = (
				"${PODS_ROOT}/Target Support Files/Pods-KickOff/Pods-KickOff-frameworks-${CONFIGURATION}-output-files.xcfilelist",
			);
			runOnlyForDeploymentPostprocessing = 0;
			shellPath = /bin/sh;
			shellScript = "\"${PODS_ROOT}/Target Support Files/Pods-KickOff/Pods-KickOff-frameworks.sh\"\n";
			showEnvVarsInLog = 0;
		};
/* End PBXShellScriptBuildPhase section */

/* Begin PBXSourcesBuildPhase section */
		9D7D3DED2DE87032000AC249 /* Sources */ = {
			isa = PBXSourcesBuildPhase;
			buildActionMask = 2147483647;
			files = (
				9D4709312DF1BAA00006587D /* ViewController.swift in Sources */,
				9D85D3D02DEDB370003C5940 /* KickOffCoreData.xcdatamodeld in Sources */,
				9D4709342DF1BAA00006587D /* FavPresenter.swift in Sources */,
				9D4708D62DF1BA370006587D /* TeamsResponse.swift in Sources */,
				9D47092F2DF1BAA00006587D /* SplashPresenter.swift in Sources */,
				9D4708CE2DF1BA370006587D /* NetworkManager.swift in Sources */,
				9D4708BF2DF1BA370006587D /* LastMatchCell.swift in Sources */,
				9D47093A2DF1BAA00006587D /* Remote.swift in Sources */,
				9D4709352DF1BAA00006587D /* LocalLeague.swift in Sources */,
				9D4709382DF1BAA00006587D /* MatchesResponse.swift in Sources */,
				9D4708DA2DF1BA370006587D /* RemoteDataSource.swift in Sources */,
				9D47092B2DF1BAA00006587D /* HomeCollectionViewCell.swift in Sources */,
				9D4709462DF1BAA00006587D /* TennisLeagueViewController.swift in Sources */,
				9D47094B2DF1BAA00006587D /* PlayerDetailsCell.swift in Sources */,
				9D4708D92DF1BA370006587D /* LocalDataSource.swift in Sources */,
				9D4708BD2DF1BA370006587D /* EmptyCell.swift in Sources */,
				9D4708D72DF1BA370006587D /* Team.swift in Sources */,
				9D4708CB2DF1BA370006587D /* Endpoint.swift in Sources */,
				9D4708D32DF1BA370006587D /* AlertManager.swift in Sources */,
				9D4709412DF1BAA00006587D /* LeaguesViewController.swift in Sources */,
				9D4709392DF1BAA00006587D /* Match.swift in Sources */,
				9D7D3DF52DE87032000AC249 /* AppDelegate.swift in Sources */,
				9D4708D02DF1BA370006587D /* LangManager.swift in Sources */,
				9D4709482DF1BAA00006587D /* TeamDetailsViewController.swift in Sources */,
				9D4709432DF1BAA00006587D /* TennisMatchResponse.swift in Sources */,
				9D4708CF2DF1BA370006587D /* DateUtils.swift in Sources */,
				9D4708CA2DF1BA370006587D /* SportType.swift in Sources */,
				9D4709512DF1BAA00006587D /* CricketLeaguePresenter.swift in Sources */,
				9D4709372DF1BAA00006587D /* LeaugeDetailsPresenter.swift in Sources */,
				9D47094D2DF1BAA00006587D /* ContainerViewController.swift in Sources */,
				9D4709442DF1BAA00006587D /* TennisPlayerResponse.swift in Sources */,
				9D47094C2DF1BAA00006587D /* OnBoardingViewController.swift in Sources */,
				9D4709522DF1BAA00006587D /* CircketLeagueViewController.swift in Sources */,
				9D47093D2DF1BAA00006587D /* LeaguesPresenter.swift in Sources */,
				9D4708C62DF1BA370006587D /* CricketGameCell.swift in Sources */,
				9D7D3DF72DE87032000AC249 /* SceneDelegate.swift in Sources */,
				9D4708D82DF1BA370006587D /* League.swift in Sources */,
				9D4708D42DF1BA370006587D /* EmptySectionView.swift in Sources */,
				9D4708D12DF1BA370006587D /* SectionHeaderView.swift in Sources */,
				9D4708CC2DF1BA370006587D /* OnboardingManager.swift in Sources */,
				9D4709472DF1BAA00006587D /* TeamDetailsPresenter.swift in Sources */,
				9D4709332DF1BAA00006587D /* TestViewController.swift in Sources */,
				9D47093E2DF1BAA00006587D /* LeaguesTableViewCell.swift in Sources */,
				9D4708C92DF1BA370006587D /* TennisGameCell.swift in Sources */,
				9D4708CD2DF1BA370006587D /* FormatUtils.swift in Sources */,
				9D4709362DF1BAA00006587D /* FavViewController.swift in Sources */,
				9D4708D52DF1BA370006587D /* LeagueResponse.swift in Sources */,
				9D47093C2DF1BAA00006587D /* LeagueDetailsViewController.swift in Sources */,
				9D4708C42DF1BA370006587D /* TeamCell.swift in Sources */,
				9D47092C2DF1BAA00006587D /* HomeCollectionViewController.swift in Sources */,
				9D4708C82DF1BA370006587D /* UpcomingMatchCell.swift in Sources */,
				9D4709422DF1BAA00006587D /* TennisDetailsPresenter.swift in Sources */,
				9D4708D22DF1BA370006587D /* LoadingIndicatorUtil.swift in Sources */,
			);
			runOnlyForDeploymentPostprocessing = 0;
		};
		9D7D3E062DE8703F000AC249 /* Sources */ = {
			isa = PBXSourcesBuildPhase;
			buildActionMask = 2147483647;
			files = (
				9D7D3E0F2DE87040000AC249 /* RemoteDataSourceTests.swift in Sources */,
			);
			runOnlyForDeploymentPostprocessing = 0;
		};
		9D7D3E102DE87040000AC249 /* Sources */ = {
			isa = PBXSourcesBuildPhase;
			buildActionMask = 2147483647;
			files = (
				9D7D3E1B2DE87040000AC249 /* KickOffUITestsLaunchTests.swift in Sources */,
				9D7D3E192DE87040000AC249 /* KickOffUITests.swift in Sources */,
			);
			runOnlyForDeploymentPostprocessing = 0;
		};
/* End PBXSourcesBuildPhase section */

/* Begin PBXTargetDependency section */
		9D7D3E0C2DE8703F000AC249 /* PBXTargetDependency */ = {
			isa = PBXTargetDependency;
			target = 9D7D3DF02DE87032000AC249 /* KickOff */;
			targetProxy = 9D7D3E0B2DE8703F000AC249 /* PBXContainerItemProxy */;
		};
		9D7D3E162DE87040000AC249 /* PBXTargetDependency */ = {
			isa = PBXTargetDependency;
			target = 9D7D3DF02DE87032000AC249 /* KickOff */;
			targetProxy = 9D7D3E152DE87040000AC249 /* PBXContainerItemProxy */;
		};
/* End PBXTargetDependency section */

/* Begin PBXVariantGroup section */
		9D47086A2DF0927D0006587D /* Localizable.strings */ = {
			isa = PBXVariantGroup;
			children = (
				9D47086B2DF0927D0006587D /* en */,
				9D4708732DF093790006587D /* ar */,
				9D4708742DF093840006587D /* es */,
			);
			name = Localizable.strings;
			sourceTree = "<group>";
		};
		9D47089C2DF1BA360006587D /* EmptyCell.xib */ = {
			isa = PBXVariantGroup;
			children = (
				9D47089D2DF1BA360006587D /* Base */,
				9D4709632DF1C22E0006587D /* ar */,
				9D4709652DF1C22F0006587D /* en */,
				9D4709672DF1C2310006587D /* es */,
				9D4709692DF1C23A0006587D /* mul */,
			);
			name = EmptyCell.xib;
			sourceTree = "<group>";
		};
		9D4708E62DF1BA9F0006587D /* Main.strings */ = {
			isa = PBXVariantGroup;
			children = (
				9D4708E72DF1BA9F0006587D /* ar */,
				9D4708E92DF1BA9F0006587D /* es */,
			);
			name = Main.strings;
			sourceTree = "<group>";
		};
		9D4708EA2DF1BA9F0006587D /* Main.storyboard */ = {
			isa = PBXVariantGroup;
			children = (
				9D4708EB2DF1BA9F0006587D /* Base */,
			);
			name = Main.storyboard;
			sourceTree = "<group>";
		};
		9D47091D2DF1BAA00006587D /* onBoarding.strings */ = {
			isa = PBXVariantGroup;
			children = (
				9D47091E2DF1BAA00006587D /* ar */,
				9D47091F2DF1BAA00006587D /* en */,
				9D4709202DF1BAA00006587D /* es */,
			);
			name = onBoarding.strings;
			sourceTree = "<group>";
		};
		9D4709212DF1BAA00006587D /* onBoarding.xcstrings */ = {
			isa = PBXVariantGroup;
			children = (
				9D4709222DF1BAA00006587D /* mul */,
			);
			name = onBoarding.xcstrings;
			sourceTree = "<group>";
		};
		9D4709232DF1BAA00006587D /* onBoarding.storyboard */ = {
			isa = PBXVariantGroup;
			children = (
				9D4709242DF1BAA00006587D /* Base */,
			);
			name = onBoarding.storyboard;
			sourceTree = "<group>";
		};
		9D4709552DF1BAC70006587D /* LaunchScreen.strings */ = {
			isa = PBXVariantGroup;
			children = (
				9D4709562DF1BAC70006587D /* ar */,
				9D4709572DF1BAC70006587D /* es */,
			);
			name = LaunchScreen.strings;
			sourceTree = "<group>";
		};
		9D4709592DF1BAC70006587D /* LaunchScreen.storyboard */ = {
			isa = PBXVariantGroup;
			children = (
				9D47095A2DF1BAC70006587D /* Base */,
			);
			name = LaunchScreen.storyboard;
			sourceTree = "<group>";
		};
/* End PBXVariantGroup section */

/* Begin XCBuildConfiguration section */
		9D7D3E1C2DE87040000AC249 /* Debug */ = {
			isa = XCBuildConfiguration;
			buildSettings = {
				ALWAYS_SEARCH_USER_PATHS = NO;
				CLANG_ANALYZER_NONNULL = YES;
				CLANG_ANALYZER_NUMBER_OBJECT_CONVERSION = YES_AGGRESSIVE;
				CLANG_CXX_LANGUAGE_STANDARD = "gnu++20";
				CLANG_ENABLE_MODULES = YES;
				CLANG_ENABLE_OBJC_ARC = YES;
				CLANG_ENABLE_OBJC_WEAK = YES;
				CLANG_WARN_BLOCK_CAPTURE_AUTORELEASING = YES;
				CLANG_WARN_BOOL_CONVERSION = YES;
				CLANG_WARN_COMMA = YES;
				CLANG_WARN_CONSTANT_CONVERSION = YES;
				CLANG_WARN_DEPRECATED_OBJC_IMPLEMENTATIONS = YES;
				CLANG_WARN_DIRECT_OBJC_ISA_USAGE = YES_ERROR;
				CLANG_WARN_DOCUMENTATION_COMMENTS = YES;
				CLANG_WARN_EMPTY_BODY = YES;
				CLANG_WARN_ENUM_CONVERSION = YES;
				CLANG_WARN_INFINITE_RECURSION = YES;
				CLANG_WARN_INT_CONVERSION = YES;
				CLANG_WARN_NON_LITERAL_NULL_CONVERSION = YES;
				CLANG_WARN_OBJC_IMPLICIT_RETAIN_SELF = YES;
				CLANG_WARN_OBJC_LITERAL_CONVERSION = YES;
				CLANG_WARN_OBJC_ROOT_CLASS = YES_ERROR;
				CLANG_WARN_QUOTED_INCLUDE_IN_FRAMEWORK_HEADER = YES;
				CLANG_WARN_RANGE_LOOP_ANALYSIS = YES;
				CLANG_WARN_STRICT_PROTOTYPES = YES;
				CLANG_WARN_SUSPICIOUS_MOVE = YES;
				CLANG_WARN_UNGUARDED_AVAILABILITY = YES_AGGRESSIVE;
				CLANG_WARN_UNREACHABLE_CODE = YES;
				CLANG_WARN__DUPLICATE_METHOD_MATCH = YES;
				COPY_PHASE_STRIP = NO;
				DEBUG_INFORMATION_FORMAT = dwarf;
				ENABLE_STRICT_OBJC_MSGSEND = YES;
				ENABLE_TESTABILITY = YES;
				GCC_C_LANGUAGE_STANDARD = gnu11;
				GCC_DYNAMIC_NO_PIC = NO;
				GCC_NO_COMMON_BLOCKS = YES;
				GCC_OPTIMIZATION_LEVEL = 0;
				GCC_PREPROCESSOR_DEFINITIONS = (
					"DEBUG=1",
					"$(inherited)",
				);
				GCC_WARN_64_TO_32_BIT_CONVERSION = YES;
				GCC_WARN_ABOUT_RETURN_TYPE = YES_ERROR;
				GCC_WARN_UNDECLARED_SELECTOR = YES;
				GCC_WARN_UNINITIALIZED_AUTOS = YES_AGGRESSIVE;
				GCC_WARN_UNUSED_FUNCTION = YES;
				GCC_WARN_UNUSED_VARIABLE = YES;
				IPHONEOS_DEPLOYMENT_TARGET = 16.4;
				MTL_ENABLE_DEBUG_INFO = INCLUDE_SOURCE;
				MTL_FAST_MATH = YES;
				ONLY_ACTIVE_ARCH = YES;
				SDKROOT = iphoneos;
				SWIFT_ACTIVE_COMPILATION_CONDITIONS = DEBUG;
				SWIFT_OPTIMIZATION_LEVEL = "-Onone";
			};
			name = Debug;
		};
		9D7D3E1D2DE87040000AC249 /* Release */ = {
			isa = XCBuildConfiguration;
			buildSettings = {
				ALWAYS_SEARCH_USER_PATHS = NO;
				CLANG_ANALYZER_NONNULL = YES;
				CLANG_ANALYZER_NUMBER_OBJECT_CONVERSION = YES_AGGRESSIVE;
				CLANG_CXX_LANGUAGE_STANDARD = "gnu++20";
				CLANG_ENABLE_MODULES = YES;
				CLANG_ENABLE_OBJC_ARC = YES;
				CLANG_ENABLE_OBJC_WEAK = YES;
				CLANG_WARN_BLOCK_CAPTURE_AUTORELEASING = YES;
				CLANG_WARN_BOOL_CONVERSION = YES;
				CLANG_WARN_COMMA = YES;
				CLANG_WARN_CONSTANT_CONVERSION = YES;
				CLANG_WARN_DEPRECATED_OBJC_IMPLEMENTATIONS = YES;
				CLANG_WARN_DIRECT_OBJC_ISA_USAGE = YES_ERROR;
				CLANG_WARN_DOCUMENTATION_COMMENTS = YES;
				CLANG_WARN_EMPTY_BODY = YES;
				CLANG_WARN_ENUM_CONVERSION = YES;
				CLANG_WARN_INFINITE_RECURSION = YES;
				CLANG_WARN_INT_CONVERSION = YES;
				CLANG_WARN_NON_LITERAL_NULL_CONVERSION = YES;
				CLANG_WARN_OBJC_IMPLICIT_RETAIN_SELF = YES;
				CLANG_WARN_OBJC_LITERAL_CONVERSION = YES;
				CLANG_WARN_OBJC_ROOT_CLASS = YES_ERROR;
				CLANG_WARN_QUOTED_INCLUDE_IN_FRAMEWORK_HEADER = YES;
				CLANG_WARN_RANGE_LOOP_ANALYSIS = YES;
				CLANG_WARN_STRICT_PROTOTYPES = YES;
				CLANG_WARN_SUSPICIOUS_MOVE = YES;
				CLANG_WARN_UNGUARDED_AVAILABILITY = YES_AGGRESSIVE;
				CLANG_WARN_UNREACHABLE_CODE = YES;
				CLANG_WARN__DUPLICATE_METHOD_MATCH = YES;
				COPY_PHASE_STRIP = NO;
				DEBUG_INFORMATION_FORMAT = "dwarf-with-dsym";
				ENABLE_NS_ASSERTIONS = NO;
				ENABLE_STRICT_OBJC_MSGSEND = YES;
				GCC_C_LANGUAGE_STANDARD = gnu11;
				GCC_NO_COMMON_BLOCKS = YES;
				GCC_WARN_64_TO_32_BIT_CONVERSION = YES;
				GCC_WARN_ABOUT_RETURN_TYPE = YES_ERROR;
				GCC_WARN_UNDECLARED_SELECTOR = YES;
				GCC_WARN_UNINITIALIZED_AUTOS = YES_AGGRESSIVE;
				GCC_WARN_UNUSED_FUNCTION = YES;
				GCC_WARN_UNUSED_VARIABLE = YES;
				IPHONEOS_DEPLOYMENT_TARGET = 16.4;
				MTL_ENABLE_DEBUG_INFO = NO;
				MTL_FAST_MATH = YES;
				SDKROOT = iphoneos;
				SWIFT_COMPILATION_MODE = wholemodule;
				SWIFT_OPTIMIZATION_LEVEL = "-O";
				VALIDATE_PRODUCT = YES;
			};
			name = Release;
		};
		9D7D3E1F2DE87040000AC249 /* Debug */ = {
			isa = XCBuildConfiguration;
			baseConfigurationReference = 1CF4605133D34CD14D96C747 /* Pods-KickOff.debug.xcconfig */;
			buildSettings = {
				ASSETCATALOG_COMPILER_APPICON_NAME = AppIcon;
				ASSETCATALOG_COMPILER_GLOBAL_ACCENT_COLOR_NAME = AccentColor;
				CODE_SIGN_STYLE = Automatic;
				CURRENT_PROJECT_VERSION = 1;
				GENERATE_INFOPLIST_FILE = YES;
				INFOPLIST_FILE = KickOff/Info.plist;
				INFOPLIST_KEY_UIApplicationSupportsIndirectInputEvents = YES;
				INFOPLIST_KEY_UILaunchStoryboardName = LaunchScreen;
				INFOPLIST_KEY_UIMainStoryboardFile = Main;
				INFOPLIST_KEY_UISupportedInterfaceOrientations_iPad = "UIInterfaceOrientationPortrait UIInterfaceOrientationPortraitUpsideDown UIInterfaceOrientationLandscapeLeft UIInterfaceOrientationLandscapeRight";
				INFOPLIST_KEY_UISupportedInterfaceOrientations_iPhone = "UIInterfaceOrientationPortrait UIInterfaceOrientationLandscapeLeft UIInterfaceOrientationLandscapeRight";
				LD_RUNPATH_SEARCH_PATHS = (
					"$(inherited)",
					"@executable_path/Frameworks",
				);
				MARKETING_VERSION = 1.0;
				PRODUCT_BUNDLE_IDENTIFIER = com.Abdo.KickOff;
				PRODUCT_NAME = "$(TARGET_NAME)";
				SWIFT_EMIT_LOC_STRINGS = YES;
				SWIFT_VERSION = 5.0;
				TARGETED_DEVICE_FAMILY = "1,2";
			};
			name = Debug;
		};
		9D7D3E202DE87040000AC249 /* Release */ = {
			isa = XCBuildConfiguration;
			baseConfigurationReference = 2A52182C4922D88A9B9989AB /* Pods-KickOff.release.xcconfig */;
			buildSettings = {
				ASSETCATALOG_COMPILER_APPICON_NAME = AppIcon;
				ASSETCATALOG_COMPILER_GLOBAL_ACCENT_COLOR_NAME = AccentColor;
				CODE_SIGN_STYLE = Automatic;
				CURRENT_PROJECT_VERSION = 1;
				GENERATE_INFOPLIST_FILE = YES;
				INFOPLIST_FILE = KickOff/Info.plist;
				INFOPLIST_KEY_UIApplicationSupportsIndirectInputEvents = YES;
				INFOPLIST_KEY_UILaunchStoryboardName = LaunchScreen;
				INFOPLIST_KEY_UIMainStoryboardFile = Main;
				INFOPLIST_KEY_UISupportedInterfaceOrientations_iPad = "UIInterfaceOrientationPortrait UIInterfaceOrientationPortraitUpsideDown UIInterfaceOrientationLandscapeLeft UIInterfaceOrientationLandscapeRight";
				INFOPLIST_KEY_UISupportedInterfaceOrientations_iPhone = "UIInterfaceOrientationPortrait UIInterfaceOrientationLandscapeLeft UIInterfaceOrientationLandscapeRight";
				LD_RUNPATH_SEARCH_PATHS = (
					"$(inherited)",
					"@executable_path/Frameworks",
				);
				MARKETING_VERSION = 1.0;
				PRODUCT_BUNDLE_IDENTIFIER = com.Abdo.KickOff;
				PRODUCT_NAME = "$(TARGET_NAME)";
				SWIFT_EMIT_LOC_STRINGS = YES;
				SWIFT_VERSION = 5.0;
				TARGETED_DEVICE_FAMILY = "1,2";
			};
			name = Release;
		};
		9D7D3E222DE87040000AC249 /* Debug */ = {
			isa = XCBuildConfiguration;
			buildSettings = {
				ALWAYS_EMBED_SWIFT_STANDARD_LIBRARIES = YES;
				BUNDLE_LOADER = "$(TEST_HOST)";
				CODE_SIGN_STYLE = Automatic;
				CURRENT_PROJECT_VERSION = 1;
				GENERATE_INFOPLIST_FILE = YES;
				IPHONEOS_DEPLOYMENT_TARGET = 16.4;
				MARKETING_VERSION = 1.0;
				PRODUCT_BUNDLE_IDENTIFIER = com.Abdo.KickOffTests;
				PRODUCT_NAME = "$(TARGET_NAME)";
				SWIFT_EMIT_LOC_STRINGS = NO;
				SWIFT_VERSION = 5.0;
				TARGETED_DEVICE_FAMILY = "1,2";
				TEST_HOST = "$(BUILT_PRODUCTS_DIR)/KickOff.app/$(BUNDLE_EXECUTABLE_FOLDER_PATH)/KickOff";
			};
			name = Debug;
		};
		9D7D3E232DE87040000AC249 /* Release */ = {
			isa = XCBuildConfiguration;
			buildSettings = {
				ALWAYS_EMBED_SWIFT_STANDARD_LIBRARIES = YES;
				BUNDLE_LOADER = "$(TEST_HOST)";
				CODE_SIGN_STYLE = Automatic;
				CURRENT_PROJECT_VERSION = 1;
				GENERATE_INFOPLIST_FILE = YES;
				IPHONEOS_DEPLOYMENT_TARGET = 16.4;
				MARKETING_VERSION = 1.0;
				PRODUCT_BUNDLE_IDENTIFIER = com.Abdo.KickOffTests;
				PRODUCT_NAME = "$(TARGET_NAME)";
				SWIFT_EMIT_LOC_STRINGS = NO;
				SWIFT_VERSION = 5.0;
				TARGETED_DEVICE_FAMILY = "1,2";
				TEST_HOST = "$(BUILT_PRODUCTS_DIR)/KickOff.app/$(BUNDLE_EXECUTABLE_FOLDER_PATH)/KickOff";
			};
			name = Release;
		};
		9D7D3E252DE87040000AC249 /* Debug */ = {
			isa = XCBuildConfiguration;
			buildSettings = {
				ALWAYS_EMBED_SWIFT_STANDARD_LIBRARIES = YES;
				CODE_SIGN_STYLE = Automatic;
				CURRENT_PROJECT_VERSION = 1;
				GENERATE_INFOPLIST_FILE = YES;
				MARKETING_VERSION = 1.0;
				PRODUCT_BUNDLE_IDENTIFIER = com.Abdo.KickOffUITests;
				PRODUCT_NAME = "$(TARGET_NAME)";
				SWIFT_EMIT_LOC_STRINGS = NO;
				SWIFT_VERSION = 5.0;
				TARGETED_DEVICE_FAMILY = "1,2";
				TEST_TARGET_NAME = KickOff;
			};
			name = Debug;
		};
		9D7D3E262DE87040000AC249 /* Release */ = {
			isa = XCBuildConfiguration;
			buildSettings = {
				ALWAYS_EMBED_SWIFT_STANDARD_LIBRARIES = YES;
				CODE_SIGN_STYLE = Automatic;
				CURRENT_PROJECT_VERSION = 1;
				GENERATE_INFOPLIST_FILE = YES;
				MARKETING_VERSION = 1.0;
				PRODUCT_BUNDLE_IDENTIFIER = com.Abdo.KickOffUITests;
				PRODUCT_NAME = "$(TARGET_NAME)";
				SWIFT_EMIT_LOC_STRINGS = NO;
				SWIFT_VERSION = 5.0;
				TARGETED_DEVICE_FAMILY = "1,2";
				TEST_TARGET_NAME = KickOff;
			};
			name = Release;
		};
/* End XCBuildConfiguration section */

/* Begin XCConfigurationList section */
		9D7D3DEC2DE87032000AC249 /* Build configuration list for PBXProject "KickOff" */ = {
			isa = XCConfigurationList;
			buildConfigurations = (
				9D7D3E1C2DE87040000AC249 /* Debug */,
				9D7D3E1D2DE87040000AC249 /* Release */,
			);
			defaultConfigurationIsVisible = 0;
			defaultConfigurationName = Release;
		};
		9D7D3E1E2DE87040000AC249 /* Build configuration list for PBXNativeTarget "KickOff" */ = {
			isa = XCConfigurationList;
			buildConfigurations = (
				9D7D3E1F2DE87040000AC249 /* Debug */,
				9D7D3E202DE87040000AC249 /* Release */,
			);
			defaultConfigurationIsVisible = 0;
			defaultConfigurationName = Release;
		};
		9D7D3E212DE87040000AC249 /* Build configuration list for PBXNativeTarget "KickOffTests" */ = {
			isa = XCConfigurationList;
			buildConfigurations = (
				9D7D3E222DE87040000AC249 /* Debug */,
				9D7D3E232DE87040000AC249 /* Release */,
			);
			defaultConfigurationIsVisible = 0;
			defaultConfigurationName = Release;
		};
		9D7D3E242DE87040000AC249 /* Build configuration list for PBXNativeTarget "KickOffUITests" */ = {
			isa = XCConfigurationList;
			buildConfigurations = (
				9D7D3E252DE87040000AC249 /* Debug */,
				9D7D3E262DE87040000AC249 /* Release */,
			);
			defaultConfigurationIsVisible = 0;
			defaultConfigurationName = Release;
		};
/* End XCConfigurationList section */

/* Begin XCVersionGroup section */
		9D85D3CE2DEDB370003C5940 /* KickOffCoreData.xcdatamodeld */ = {
			isa = XCVersionGroup;
			children = (
				9D85D3CF2DEDB370003C5940 /* KickOffCoreData.xcdatamodel */,
			);
			currentVersion = 9D85D3CF2DEDB370003C5940 /* KickOffCoreData.xcdatamodel */;
			path = KickOffCoreData.xcdatamodeld;
			sourceTree = "<group>";
			versionGroupType = wrapper.xcdatamodel;
		};
/* End XCVersionGroup section */
	};
	rootObject = 9D7D3DE92DE87032000AC249 /* Project object */;
}
